// !$*UTF8*$!
{
	archiveVersion = 1;
	classes = {
	};
	objectVersion = 51;
	objects = {

/* Begin PBXBuildFile section */
		10E18A460DD009C4AD78C9FC /* Pods_mobile_challenger.framework in Frameworks */ = {isa = PBXBuildFile; fileRef = 167BA08F8DFDA28AD4B3337A /* Pods_mobile_challenger.framework */; };
		641C9A914E64D1F566FF4BAC /* Pods_mobile_challenger_mobile_challengerUITests.framework in Frameworks */ = {isa = PBXBuildFile; fileRef = 51AAF7463F53D7AD79AE4B10 /* Pods_mobile_challenger_mobile_challengerUITests.framework */; };
		8370411A5B5564D57F0D5770 /* Pods_mobile_challengerTests.framework in Frameworks */ = {isa = PBXBuildFile; fileRef = 7AC8C16916BDFDD03B28CFC9 /* Pods_mobile_challengerTests.framework */; };
		E360C9E725E03349006E7F20 /* home.storyboard in Resources */ = {isa = PBXBuildFile; fileRef = E360C9E625E03349006E7F20 /* home.storyboard */; };
		E360C9F625E035C6006E7F20 /* RoundedImageView.swift in Sources */ = {isa = PBXBuildFile; fileRef = E360C9F525E035C6006E7F20 /* RoundedImageView.swift */; };
		E360C9FF25E04BE4006E7F20 /* Color.swift in Sources */ = {isa = PBXBuildFile; fileRef = E360C9FE25E04BE4006E7F20 /* Color.swift */; };
		E360CA1225E0503D006E7F20 /* StatusBar.swift in Sources */ = {isa = PBXBuildFile; fileRef = E360CA1125E0503D006E7F20 /* StatusBar.swift */; };
		E360CA1725E055C5006E7F20 /* HomeViewController.swift in Sources */ = {isa = PBXBuildFile; fileRef = E360CA1625E055C5006E7F20 /* HomeViewController.swift */; };
		E360CA1C25E05645006E7F20 /* HomePresenter.swift in Sources */ = {isa = PBXBuildFile; fileRef = E360CA1B25E05645006E7F20 /* HomePresenter.swift */; };
		E360CA2125E0573F006E7F20 /* HomeTableViewCell.swift in Sources */ = {isa = PBXBuildFile; fileRef = E360CA2025E0573F006E7F20 /* HomeTableViewCell.swift */; };
		E360CA3625E05ACC006E7F20 /* Localizable.strings in Resources */ = {isa = PBXBuildFile; fileRef = E360CA3825E05ACC006E7F20 /* Localizable.strings */; };
		E360CA3A25E05B27006E7F20 /* Strings.swift in Sources */ = {isa = PBXBuildFile; fileRef = E360CA3925E05B27006E7F20 /* Strings.swift */; };
		E37D7B9A25E082C900A5042C /* DetailPresenter.swift in Sources */ = {isa = PBXBuildFile; fileRef = E37D7B9925E082C900A5042C /* DetailPresenter.swift */; };
		E37D7B9F25E082DC00A5042C /* DetailViewController.swift in Sources */ = {isa = PBXBuildFile; fileRef = E37D7B9E25E082DC00A5042C /* DetailViewController.swift */; };
		E37D7BA425E082F000A5042C /* DetailTableViewCell.swift in Sources */ = {isa = PBXBuildFile; fileRef = E37D7BA325E082F000A5042C /* DetailTableViewCell.swift */; };
		E37D7BAC25E0AA8200A5042C /* DetailHeaderTableViewCell.swift in Sources */ = {isa = PBXBuildFile; fileRef = E37D7BAB25E0AA8200A5042C /* DetailHeaderTableViewCell.swift */; };
		E37D7BB725E0CCCF00A5042C /* NetworkingManager.swift in Sources */ = {isa = PBXBuildFile; fileRef = E37D7BB625E0CCCF00A5042C /* NetworkingManager.swift */; };
		E37D7BC525E0F21E00A5042C /* RepositoriesModel.swift in Sources */ = {isa = PBXBuildFile; fileRef = E37D7BC425E0F21E00A5042C /* RepositoriesModel.swift */; };
		E3FCDBFE25DF58DE00C9F419 /* AppDelegate.swift in Sources */ = {isa = PBXBuildFile; fileRef = E3FCDBFD25DF58DE00C9F419 /* AppDelegate.swift */; };
		E3FCDC0825DF58DE00C9F419 /* mobile_challenger.xcdatamodeld in Sources */ = {isa = PBXBuildFile; fileRef = E3FCDC0625DF58DE00C9F419 /* mobile_challenger.xcdatamodeld */; };
		E3FCDC0A25DF58DF00C9F419 /* Assets.xcassets in Resources */ = {isa = PBXBuildFile; fileRef = E3FCDC0925DF58DF00C9F419 /* Assets.xcassets */; };
		E3FCDC0D25DF58DF00C9F419 /* LaunchScreen.storyboard in Resources */ = {isa = PBXBuildFile; fileRef = E3FCDC0B25DF58DF00C9F419 /* LaunchScreen.storyboard */; };
		E3FCDC1825DF58DF00C9F419 /* mobile_challengerTests.swift in Sources */ = {isa = PBXBuildFile; fileRef = E3FCDC1725DF58DF00C9F419 /* mobile_challengerTests.swift */; };
		E3FCDC2325DF58DF00C9F419 /* mobile_challengerUITests.swift in Sources */ = {isa = PBXBuildFile; fileRef = E3FCDC2225DF58DF00C9F419 /* mobile_challengerUITests.swift */; };
/* End PBXBuildFile section */

/* Begin PBXContainerItemProxy section */
		E3FCDC1425DF58DF00C9F419 /* PBXContainerItemProxy */ = {
			isa = PBXContainerItemProxy;
			containerPortal = E3FCDBF225DF58DE00C9F419 /* Project object */;
			proxyType = 1;
			remoteGlobalIDString = E3FCDBF925DF58DE00C9F419;
			remoteInfo = "mobile-challenger";
		};
		E3FCDC1F25DF58DF00C9F419 /* PBXContainerItemProxy */ = {
			isa = PBXContainerItemProxy;
			containerPortal = E3FCDBF225DF58DE00C9F419 /* Project object */;
			proxyType = 1;
			remoteGlobalIDString = E3FCDBF925DF58DE00C9F419;
			remoteInfo = "mobile-challenger";
		};
/* End PBXContainerItemProxy section */

/* Begin PBXFileReference section */
		167BA08F8DFDA28AD4B3337A /* Pods_mobile_challenger.framework */ = {isa = PBXFileReference; explicitFileType = wrapper.framework; includeInIndex = 0; path = Pods_mobile_challenger.framework; sourceTree = BUILT_PRODUCTS_DIR; };
		3F6ED4A9F0ED99E84F248C43 /* Pods-mobile-challenger-mobile-challengerUITests.release.xcconfig */ = {isa = PBXFileReference; includeInIndex = 1; lastKnownFileType = text.xcconfig; name = "Pods-mobile-challenger-mobile-challengerUITests.release.xcconfig"; path = "Target Support Files/Pods-mobile-challenger-mobile-challengerUITests/Pods-mobile-challenger-mobile-challengerUITests.release.xcconfig"; sourceTree = "<group>"; };
		42C9CEB6A577E30D15AB2819 /* Pods-mobile-challengerTests.debug.xcconfig */ = {isa = PBXFileReference; includeInIndex = 1; lastKnownFileType = text.xcconfig; name = "Pods-mobile-challengerTests.debug.xcconfig"; path = "Target Support Files/Pods-mobile-challengerTests/Pods-mobile-challengerTests.debug.xcconfig"; sourceTree = "<group>"; };
		4D537B9A1FF737E10079AEED /* Pods-mobile-challenger.release.xcconfig */ = {isa = PBXFileReference; includeInIndex = 1; lastKnownFileType = text.xcconfig; name = "Pods-mobile-challenger.release.xcconfig"; path = "Target Support Files/Pods-mobile-challenger/Pods-mobile-challenger.release.xcconfig"; sourceTree = "<group>"; };
		51AAF7463F53D7AD79AE4B10 /* Pods_mobile_challenger_mobile_challengerUITests.framework */ = {isa = PBXFileReference; explicitFileType = wrapper.framework; includeInIndex = 0; path = Pods_mobile_challenger_mobile_challengerUITests.framework; sourceTree = BUILT_PRODUCTS_DIR; };
		7AC8C16916BDFDD03B28CFC9 /* Pods_mobile_challengerTests.framework */ = {isa = PBXFileReference; explicitFileType = wrapper.framework; includeInIndex = 0; path = Pods_mobile_challengerTests.framework; sourceTree = BUILT_PRODUCTS_DIR; };
		B7CFE5B7BACF2B2F8EF70D5C /* Pods-mobile-challenger-mobile-challengerUITests.debug.xcconfig */ = {isa = PBXFileReference; includeInIndex = 1; lastKnownFileType = text.xcconfig; name = "Pods-mobile-challenger-mobile-challengerUITests.debug.xcconfig"; path = "Target Support Files/Pods-mobile-challenger-mobile-challengerUITests/Pods-mobile-challenger-mobile-challengerUITests.debug.xcconfig"; sourceTree = "<group>"; };
		D03C0B96A81E635FF880C767 /* Pods-mobile-challenger.debug.xcconfig */ = {isa = PBXFileReference; includeInIndex = 1; lastKnownFileType = text.xcconfig; name = "Pods-mobile-challenger.debug.xcconfig"; path = "Target Support Files/Pods-mobile-challenger/Pods-mobile-challenger.debug.xcconfig"; sourceTree = "<group>"; };
		D2FFB50AC31770BD154E7AC1 /* Pods-mobile-challengerTests.release.xcconfig */ = {isa = PBXFileReference; includeInIndex = 1; lastKnownFileType = text.xcconfig; name = "Pods-mobile-challengerTests.release.xcconfig"; path = "Target Support Files/Pods-mobile-challengerTests/Pods-mobile-challengerTests.release.xcconfig"; sourceTree = "<group>"; };
		E360C9E625E03349006E7F20 /* home.storyboard */ = {isa = PBXFileReference; lastKnownFileType = file.storyboard; path = home.storyboard; sourceTree = "<group>"; };
		E360C9F525E035C6006E7F20 /* RoundedImageView.swift */ = {isa = PBXFileReference; lastKnownFileType = sourcecode.swift; path = RoundedImageView.swift; sourceTree = "<group>"; };
		E360C9FE25E04BE4006E7F20 /* Color.swift */ = {isa = PBXFileReference; lastKnownFileType = sourcecode.swift; path = Color.swift; sourceTree = "<group>"; };
		E360CA1125E0503D006E7F20 /* StatusBar.swift */ = {isa = PBXFileReference; lastKnownFileType = sourcecode.swift; path = StatusBar.swift; sourceTree = "<group>"; };
		E360CA1625E055C5006E7F20 /* HomeViewController.swift */ = {isa = PBXFileReference; lastKnownFileType = sourcecode.swift; path = HomeViewController.swift; sourceTree = "<group>"; };
		E360CA1B25E05645006E7F20 /* HomePresenter.swift */ = {isa = PBXFileReference; lastKnownFileType = sourcecode.swift; path = HomePresenter.swift; sourceTree = "<group>"; };
		E360CA2025E0573F006E7F20 /* HomeTableViewCell.swift */ = {isa = PBXFileReference; lastKnownFileType = sourcecode.swift; path = HomeTableViewCell.swift; sourceTree = "<group>"; };
		E360CA3725E05ACC006E7F20 /* en */ = {isa = PBXFileReference; lastKnownFileType = text.plist.strings; name = en; path = en.lproj/Localizable.strings; sourceTree = "<group>"; };
		E360CA3925E05B27006E7F20 /* Strings.swift */ = {isa = PBXFileReference; lastKnownFileType = sourcecode.swift; path = Strings.swift; sourceTree = "<group>"; };
		E37D7B9925E082C900A5042C /* DetailPresenter.swift */ = {isa = PBXFileReference; lastKnownFileType = sourcecode.swift; path = DetailPresenter.swift; sourceTree = "<group>"; };
		E37D7B9E25E082DC00A5042C /* DetailViewController.swift */ = {isa = PBXFileReference; lastKnownFileType = sourcecode.swift; path = DetailViewController.swift; sourceTree = "<group>"; };
		E37D7BA325E082F000A5042C /* DetailTableViewCell.swift */ = {isa = PBXFileReference; lastKnownFileType = sourcecode.swift; path = DetailTableViewCell.swift; sourceTree = "<group>"; };
		E37D7BAB25E0AA8200A5042C /* DetailHeaderTableViewCell.swift */ = {isa = PBXFileReference; lastKnownFileType = sourcecode.swift; path = DetailHeaderTableViewCell.swift; sourceTree = "<group>"; };
		E37D7BB625E0CCCF00A5042C /* NetworkingManager.swift */ = {isa = PBXFileReference; lastKnownFileType = sourcecode.swift; path = NetworkingManager.swift; sourceTree = "<group>"; };
		E37D7BC425E0F21E00A5042C /* RepositoriesModel.swift */ = {isa = PBXFileReference; lastKnownFileType = sourcecode.swift; path = RepositoriesModel.swift; sourceTree = "<group>"; };
		E3FCDBFA25DF58DE00C9F419 /* mobile-challenger.app */ = {isa = PBXFileReference; explicitFileType = wrapper.application; includeInIndex = 0; path = "mobile-challenger.app"; sourceTree = BUILT_PRODUCTS_DIR; };
		E3FCDBFD25DF58DE00C9F419 /* AppDelegate.swift */ = {isa = PBXFileReference; lastKnownFileType = sourcecode.swift; path = AppDelegate.swift; sourceTree = "<group>"; };
		E3FCDC0725DF58DE00C9F419 /* mobile_challenger.xcdatamodel */ = {isa = PBXFileReference; lastKnownFileType = wrapper.xcdatamodel; path = mobile_challenger.xcdatamodel; sourceTree = "<group>"; };
		E3FCDC0925DF58DF00C9F419 /* Assets.xcassets */ = {isa = PBXFileReference; lastKnownFileType = folder.assetcatalog; path = Assets.xcassets; sourceTree = "<group>"; };
		E3FCDC0C25DF58DF00C9F419 /* Base */ = {isa = PBXFileReference; lastKnownFileType = file.storyboard; name = Base; path = Base.lproj/LaunchScreen.storyboard; sourceTree = "<group>"; };
		E3FCDC0E25DF58DF00C9F419 /* Info.plist */ = {isa = PBXFileReference; lastKnownFileType = text.plist.xml; path = Info.plist; sourceTree = "<group>"; };
		E3FCDC1325DF58DF00C9F419 /* mobile-challengerTests.xctest */ = {isa = PBXFileReference; explicitFileType = wrapper.cfbundle; includeInIndex = 0; path = "mobile-challengerTests.xctest"; sourceTree = BUILT_PRODUCTS_DIR; };
		E3FCDC1725DF58DF00C9F419 /* mobile_challengerTests.swift */ = {isa = PBXFileReference; lastKnownFileType = sourcecode.swift; path = mobile_challengerTests.swift; sourceTree = "<group>"; };
		E3FCDC1925DF58DF00C9F419 /* Info.plist */ = {isa = PBXFileReference; lastKnownFileType = text.plist.xml; path = Info.plist; sourceTree = "<group>"; };
		E3FCDC1E25DF58DF00C9F419 /* mobile-challengerUITests.xctest */ = {isa = PBXFileReference; explicitFileType = wrapper.cfbundle; includeInIndex = 0; path = "mobile-challengerUITests.xctest"; sourceTree = BUILT_PRODUCTS_DIR; };
		E3FCDC2225DF58DF00C9F419 /* mobile_challengerUITests.swift */ = {isa = PBXFileReference; lastKnownFileType = sourcecode.swift; path = mobile_challengerUITests.swift; sourceTree = "<group>"; };
		E3FCDC2425DF58DF00C9F419 /* Info.plist */ = {isa = PBXFileReference; lastKnownFileType = text.plist.xml; path = Info.plist; sourceTree = "<group>"; };
/* End PBXFileReference section */

/* Begin PBXFrameworksBuildPhase section */
		E3FCDBF725DF58DE00C9F419 /* Frameworks */ = {
			isa = PBXFrameworksBuildPhase;
			buildActionMask = 2147483647;
			files = (
				10E18A460DD009C4AD78C9FC /* Pods_mobile_challenger.framework in Frameworks */,
			);
			runOnlyForDeploymentPostprocessing = 0;
		};
		E3FCDC1025DF58DF00C9F419 /* Frameworks */ = {
			isa = PBXFrameworksBuildPhase;
			buildActionMask = 2147483647;
			files = (
				8370411A5B5564D57F0D5770 /* Pods_mobile_challengerTests.framework in Frameworks */,
			);
			runOnlyForDeploymentPostprocessing = 0;
		};
		E3FCDC1B25DF58DF00C9F419 /* Frameworks */ = {
			isa = PBXFrameworksBuildPhase;
			buildActionMask = 2147483647;
			files = (
				641C9A914E64D1F566FF4BAC /* Pods_mobile_challenger_mobile_challengerUITests.framework in Frameworks */,
			);
			runOnlyForDeploymentPostprocessing = 0;
		};
/* End PBXFrameworksBuildPhase section */

/* Begin PBXGroup section */
		B7CEF00C169ED9AF33BBDEA4 /* Frameworks */ = {
			isa = PBXGroup;
			children = (
				167BA08F8DFDA28AD4B3337A /* Pods_mobile_challenger.framework */,
				51AAF7463F53D7AD79AE4B10 /* Pods_mobile_challenger_mobile_challengerUITests.framework */,
				7AC8C16916BDFDD03B28CFC9 /* Pods_mobile_challengerTests.framework */,
			);
			name = Frameworks;
			sourceTree = "<group>";
		};
		B98B5B78EBE63D5C1712F621 /* Pods */ = {
			isa = PBXGroup;
			children = (
				D03C0B96A81E635FF880C767 /* Pods-mobile-challenger.debug.xcconfig */,
				4D537B9A1FF737E10079AEED /* Pods-mobile-challenger.release.xcconfig */,
				B7CFE5B7BACF2B2F8EF70D5C /* Pods-mobile-challenger-mobile-challengerUITests.debug.xcconfig */,
				3F6ED4A9F0ED99E84F248C43 /* Pods-mobile-challenger-mobile-challengerUITests.release.xcconfig */,
				42C9CEB6A577E30D15AB2819 /* Pods-mobile-challengerTests.debug.xcconfig */,
				D2FFB50AC31770BD154E7AC1 /* Pods-mobile-challengerTests.release.xcconfig */,
			);
			path = Pods;
			sourceTree = "<group>";
		};
		E360C9EB25E033AA006E7F20 /* cell */ = {
			isa = PBXGroup;
			children = (
				E360CA2025E0573F006E7F20 /* HomeTableViewCell.swift */,
			);
			path = cell;
			sourceTree = "<group>";
		};
		E360C9EC25E033BE006E7F20 /* viewController */ = {
			isa = PBXGroup;
			children = (
				E360CA1625E055C5006E7F20 /* HomeViewController.swift */,
			);
			path = viewController;
			sourceTree = "<group>";
		};
		E360C9ED25E033C3006E7F20 /* presenter */ = {
			isa = PBXGroup;
			children = (
				E360CA1B25E05645006E7F20 /* HomePresenter.swift */,
			);
			path = presenter;
			sourceTree = "<group>";
		};
		E360C9EE25E033C8006E7F20 /* cell */ = {
			isa = PBXGroup;
			children = (
				E37D7BA325E082F000A5042C /* DetailTableViewCell.swift */,
				E37D7BAB25E0AA8200A5042C /* DetailHeaderTableViewCell.swift */,
			);
			path = cell;
			sourceTree = "<group>";
		};
		E360C9EF25E033CC006E7F20 /* viewController */ = {
			isa = PBXGroup;
			children = (
				E37D7B9E25E082DC00A5042C /* DetailViewController.swift */,
			);
			path = viewController;
			sourceTree = "<group>";
		};
		E360C9F025E033D6006E7F20 /* presenter */ = {
			isa = PBXGroup;
			children = (
				E37D7B9925E082C900A5042C /* DetailPresenter.swift */,
			);
			path = presenter;
			sourceTree = "<group>";
		};
		E360C9F425E034A9006E7F20 /* customView */ = {
			isa = PBXGroup;
			children = (
				E360C9F525E035C6006E7F20 /* RoundedImageView.swift */,
			);
			path = customView;
			sourceTree = "<group>";
		};
		E360C9FD25E04BD6006E7F20 /* components */ = {
			isa = PBXGroup;
			children = (
				E360C9FE25E04BE4006E7F20 /* Color.swift */,
				E360CA1125E0503D006E7F20 /* StatusBar.swift */,
				E360CA3825E05ACC006E7F20 /* Localizable.strings */,
				E360CA3925E05B27006E7F20 /* Strings.swift */,
			);
			path = components;
			sourceTree = "<group>";
		};
		E37D7BC325E0F21200A5042C /* models */ = {
			isa = PBXGroup;
			children = (
				E37D7BC425E0F21E00A5042C /* RepositoriesModel.swift */,
			);
			path = models;
			sourceTree = "<group>";
		};
		E3FCDBF125DF58DE00C9F419 = {
			isa = PBXGroup;
			children = (
				E3FCDBFC25DF58DE00C9F419 /* mobile-challenger */,
				E3FCDC1625DF58DF00C9F419 /* mobile-challengerTests */,
				E3FCDC2125DF58DF00C9F419 /* mobile-challengerUITests */,
				E3FCDBFB25DF58DE00C9F419 /* Products */,
				B98B5B78EBE63D5C1712F621 /* Pods */,
				B7CEF00C169ED9AF33BBDEA4 /* Frameworks */,
			);
			sourceTree = "<group>";
		};
		E3FCDBFB25DF58DE00C9F419 /* Products */ = {
			isa = PBXGroup;
			children = (
				E3FCDBFA25DF58DE00C9F419 /* mobile-challenger.app */,
				E3FCDC1325DF58DF00C9F419 /* mobile-challengerTests.xctest */,
				E3FCDC1E25DF58DF00C9F419 /* mobile-challengerUITests.xctest */,
			);
			name = Products;
			sourceTree = "<group>";
		};
		E3FCDBFC25DF58DE00C9F419 /* mobile-challenger */ = {
			isa = PBXGroup;
			children = (
				E37D7BC325E0F21200A5042C /* models */,
				E360C9FD25E04BD6006E7F20 /* components */,
				E3FCDC3F25DF5C4C00C9F419 /* assets */,
				E3FCDC3325DF58EA00C9F419 /* app */,
				E360C9F425E034A9006E7F20 /* customView */,
				E3FCDC3D25DF5BCD00C9F419 /* networking */,
				E3FCDC3E25DF5BE300C9F419 /* storyboards */,
				E3FCDC3425DF590200C9F419 /* screens */,
			);
			path = "mobile-challenger";
			sourceTree = "<group>";
		};
		E3FCDC1625DF58DF00C9F419 /* mobile-challengerTests */ = {
			isa = PBXGroup;
			children = (
				E3FCDC1725DF58DF00C9F419 /* mobile_challengerTests.swift */,
				E3FCDC1925DF58DF00C9F419 /* Info.plist */,
			);
			path = "mobile-challengerTests";
			sourceTree = "<group>";
		};
		E3FCDC2125DF58DF00C9F419 /* mobile-challengerUITests */ = {
			isa = PBXGroup;
			children = (
				E3FCDC2225DF58DF00C9F419 /* mobile_challengerUITests.swift */,
				E3FCDC2425DF58DF00C9F419 /* Info.plist */,
			);
			path = "mobile-challengerUITests";
			sourceTree = "<group>";
		};
		E3FCDC3325DF58EA00C9F419 /* app */ = {
			isa = PBXGroup;
			children = (
				E3FCDC0E25DF58DF00C9F419 /* Info.plist */,
				E3FCDC0625DF58DE00C9F419 /* mobile_challenger.xcdatamodeld */,
				E3FCDBFD25DF58DE00C9F419 /* AppDelegate.swift */,
			);
			path = app;
			sourceTree = "<group>";
		};
		E3FCDC3425DF590200C9F419 /* screens */ = {
			isa = PBXGroup;
			children = (
				E3FCDC3625DF591300C9F419 /* detail */,
				E3FCDC3525DF590E00C9F419 /* home */,
			);
			path = screens;
			sourceTree = "<group>";
		};
		E3FCDC3525DF590E00C9F419 /* home */ = {
			isa = PBXGroup;
			children = (
				E360C9ED25E033C3006E7F20 /* presenter */,
				E360C9EC25E033BE006E7F20 /* viewController */,
				E360C9EB25E033AA006E7F20 /* cell */,
			);
			path = home;
			sourceTree = "<group>";
		};
		E3FCDC3625DF591300C9F419 /* detail */ = {
			isa = PBXGroup;
			children = (
				E360C9F025E033D6006E7F20 /* presenter */,
				E360C9EF25E033CC006E7F20 /* viewController */,
				E360C9EE25E033C8006E7F20 /* cell */,
			);
			path = detail;
			sourceTree = "<group>";
		};
		E3FCDC3D25DF5BCD00C9F419 /* networking */ = {
			isa = PBXGroup;
			children = (
				E37D7BB625E0CCCF00A5042C /* NetworkingManager.swift */,
			);
			path = networking;
			sourceTree = "<group>";
		};
		E3FCDC3E25DF5BE300C9F419 /* storyboards */ = {
			isa = PBXGroup;
			children = (
				E3FCDC0B25DF58DF00C9F419 /* LaunchScreen.storyboard */,
				E360C9E625E03349006E7F20 /* home.storyboard */,
			);
			path = storyboards;
			sourceTree = "<group>";
		};
		E3FCDC3F25DF5C4C00C9F419 /* assets */ = {
			isa = PBXGroup;
			children = (
				E3FCDC0925DF58DF00C9F419 /* Assets.xcassets */,
			);
			path = assets;
			sourceTree = "<group>";
		};
/* End PBXGroup section */

/* Begin PBXNativeTarget section */
		E3FCDBF925DF58DE00C9F419 /* mobile-challenger */ = {
			isa = PBXNativeTarget;
			buildConfigurationList = E3FCDC2725DF58DF00C9F419 /* Build configuration list for PBXNativeTarget "mobile-challenger" */;
			buildPhases = (
				D28E625D780E25516F25606E /* [CP] Check Pods Manifest.lock */,
				E3FCDBF625DF58DE00C9F419 /* Sources */,
				E3FCDBF725DF58DE00C9F419 /* Frameworks */,
				E3FCDBF825DF58DE00C9F419 /* Resources */,
				4CC36F294D25DC1C4AF31658 /* [CP] Embed Pods Frameworks */,
			);
			buildRules = (
			);
			dependencies = (
			);
			name = "mobile-challenger";
			productName = "mobile-challenger";
			productReference = E3FCDBFA25DF58DE00C9F419 /* mobile-challenger.app */;
			productType = "com.apple.product-type.application";
		};
		E3FCDC1225DF58DF00C9F419 /* mobile-challengerTests */ = {
			isa = PBXNativeTarget;
			buildConfigurationList = E3FCDC2A25DF58DF00C9F419 /* Build configuration list for PBXNativeTarget "mobile-challengerTests" */;
			buildPhases = (
				A061916226F93BB7F8542FD2 /* [CP] Check Pods Manifest.lock */,
				E3FCDC0F25DF58DF00C9F419 /* Sources */,
				E3FCDC1025DF58DF00C9F419 /* Frameworks */,
				E3FCDC1125DF58DF00C9F419 /* Resources */,
				44BA866492045A00B7FAFF4C /* [CP] Embed Pods Frameworks */,
			);
			buildRules = (
			);
			dependencies = (
				E3FCDC1525DF58DF00C9F419 /* PBXTargetDependency */,
			);
			name = "mobile-challengerTests";
			productName = "mobile-challengerTests";
			productReference = E3FCDC1325DF58DF00C9F419 /* mobile-challengerTests.xctest */;
			productType = "com.apple.product-type.bundle.unit-test";
		};
		E3FCDC1D25DF58DF00C9F419 /* mobile-challengerUITests */ = {
			isa = PBXNativeTarget;
			buildConfigurationList = E3FCDC2D25DF58DF00C9F419 /* Build configuration list for PBXNativeTarget "mobile-challengerUITests" */;
			buildPhases = (
				0D0941655D5FD42155EB1A94 /* [CP] Check Pods Manifest.lock */,
				E3FCDC1A25DF58DF00C9F419 /* Sources */,
				E3FCDC1B25DF58DF00C9F419 /* Frameworks */,
				E3FCDC1C25DF58DF00C9F419 /* Resources */,
				7E2612517654BC356151D692 /* [CP] Embed Pods Frameworks */,
			);
			buildRules = (
			);
			dependencies = (
				E3FCDC2025DF58DF00C9F419 /* PBXTargetDependency */,
			);
			name = "mobile-challengerUITests";
			productName = "mobile-challengerUITests";
			productReference = E3FCDC1E25DF58DF00C9F419 /* mobile-challengerUITests.xctest */;
			productType = "com.apple.product-type.bundle.ui-testing";
		};
/* End PBXNativeTarget section */

/* Begin PBXProject section */
		E3FCDBF225DF58DE00C9F419 /* Project object */ = {
			isa = PBXProject;
			attributes = {
				LastSwiftUpdateCheck = 1240;
				LastUpgradeCheck = 1240;
				TargetAttributes = {
					E3FCDBF925DF58DE00C9F419 = {
						CreatedOnToolsVersion = 12.4;
					};
					E3FCDC1225DF58DF00C9F419 = {
						CreatedOnToolsVersion = 12.4;
						TestTargetID = E3FCDBF925DF58DE00C9F419;
					};
					E3FCDC1D25DF58DF00C9F419 = {
						CreatedOnToolsVersion = 12.4;
						TestTargetID = E3FCDBF925DF58DE00C9F419;
					};
				};
			};
			buildConfigurationList = E3FCDBF525DF58DE00C9F419 /* Build configuration list for PBXProject "mobile-challenger" */;
			compatibilityVersion = "Xcode 9.3";
			developmentRegion = en;
			hasScannedForEncodings = 0;
			knownRegions = (
				en,
				Base,
			);
			mainGroup = E3FCDBF125DF58DE00C9F419;
			productRefGroup = E3FCDBFB25DF58DE00C9F419 /* Products */;
			projectDirPath = "";
			projectRoot = "";
			targets = (
				E3FCDBF925DF58DE00C9F419 /* mobile-challenger */,
				E3FCDC1225DF58DF00C9F419 /* mobile-challengerTests */,
				E3FCDC1D25DF58DF00C9F419 /* mobile-challengerUITests */,
			);
		};
/* End PBXProject section */

/* Begin PBXResourcesBuildPhase section */
		E3FCDBF825DF58DE00C9F419 /* Resources */ = {
			isa = PBXResourcesBuildPhase;
			buildActionMask = 2147483647;
			files = (
				E3FCDC0D25DF58DF00C9F419 /* LaunchScreen.storyboard in Resources */,
				E360CA3625E05ACC006E7F20 /* Localizable.strings in Resources */,
				E3FCDC0A25DF58DF00C9F419 /* Assets.xcassets in Resources */,
				E360C9E725E03349006E7F20 /* home.storyboard in Resources */,
			);
			runOnlyForDeploymentPostprocessing = 0;
		};
		E3FCDC1125DF58DF00C9F419 /* Resources */ = {
			isa = PBXResourcesBuildPhase;
			buildActionMask = 2147483647;
			files = (
			);
			runOnlyForDeploymentPostprocessing = 0;
		};
		E3FCDC1C25DF58DF00C9F419 /* Resources */ = {
			isa = PBXResourcesBuildPhase;
			buildActionMask = 2147483647;
			files = (
			);
			runOnlyForDeploymentPostprocessing = 0;
		};
/* End PBXResourcesBuildPhase section */

/* Begin PBXShellScriptBuildPhase section */
		0D0941655D5FD42155EB1A94 /* [CP] Check Pods Manifest.lock */ = {
			isa = PBXShellScriptBuildPhase;
			buildActionMask = 2147483647;
			files = (
			);
			inputFileListPaths = (
			);
			inputPaths = (
				"${PODS_PODFILE_DIR_PATH}/Podfile.lock",
				"${PODS_ROOT}/Manifest.lock",
			);
			name = "[CP] Check Pods Manifest.lock";
			outputFileListPaths = (
			);
			outputPaths = (
				"$(DERIVED_FILE_DIR)/Pods-mobile-challenger-mobile-challengerUITests-checkManifestLockResult.txt",
			);
			runOnlyForDeploymentPostprocessing = 0;
			shellPath = /bin/sh;
			shellScript = "diff \"${PODS_PODFILE_DIR_PATH}/Podfile.lock\" \"${PODS_ROOT}/Manifest.lock\" > /dev/null\nif [ $? != 0 ] ; then\n    # print error to STDERR\n    echo \"error: The sandbox is not in sync with the Podfile.lock. Run 'pod install' or update your CocoaPods installation.\" >&2\n    exit 1\nfi\n# This output is used by Xcode 'outputs' to avoid re-running this script phase.\necho \"SUCCESS\" > \"${SCRIPT_OUTPUT_FILE_0}\"\n";
			showEnvVarsInLog = 0;
		};
		44BA866492045A00B7FAFF4C /* [CP] Embed Pods Frameworks */ = {
			isa = PBXShellScriptBuildPhase;
			buildActionMask = 2147483647;
			files = (
			);
			inputFileListPaths = (
				"${PODS_ROOT}/Target Support Files/Pods-mobile-challengerTests/Pods-mobile-challengerTests-frameworks-${CONFIGURATION}-input-files.xcfilelist",
			);
			name = "[CP] Embed Pods Frameworks";
			outputFileListPaths = (
				"${PODS_ROOT}/Target Support Files/Pods-mobile-challengerTests/Pods-mobile-challengerTests-frameworks-${CONFIGURATION}-output-files.xcfilelist",
			);
			runOnlyForDeploymentPostprocessing = 0;
			shellPath = /bin/sh;
			shellScript = "\"${PODS_ROOT}/Target Support Files/Pods-mobile-challengerTests/Pods-mobile-challengerTests-frameworks.sh\"\n";
			showEnvVarsInLog = 0;
		};
		4CC36F294D25DC1C4AF31658 /* [CP] Embed Pods Frameworks */ = {
			isa = PBXShellScriptBuildPhase;
			buildActionMask = 2147483647;
			files = (
			);
			inputFileListPaths = (
				"${PODS_ROOT}/Target Support Files/Pods-mobile-challenger/Pods-mobile-challenger-frameworks-${CONFIGURATION}-input-files.xcfilelist",
			);
			name = "[CP] Embed Pods Frameworks";
			outputFileListPaths = (
				"${PODS_ROOT}/Target Support Files/Pods-mobile-challenger/Pods-mobile-challenger-frameworks-${CONFIGURATION}-output-files.xcfilelist",
			);
			runOnlyForDeploymentPostprocessing = 0;
			shellPath = /bin/sh;
			shellScript = "\"${PODS_ROOT}/Target Support Files/Pods-mobile-challenger/Pods-mobile-challenger-frameworks.sh\"\n";
			showEnvVarsInLog = 0;
		};
		7E2612517654BC356151D692 /* [CP] Embed Pods Frameworks */ = {
			isa = PBXShellScriptBuildPhase;
			buildActionMask = 2147483647;
			files = (
			);
			inputFileListPaths = (
				"${PODS_ROOT}/Target Support Files/Pods-mobile-challenger-mobile-challengerUITests/Pods-mobile-challenger-mobile-challengerUITests-frameworks-${CONFIGURATION}-input-files.xcfilelist",
			);
			name = "[CP] Embed Pods Frameworks";
			outputFileListPaths = (
				"${PODS_ROOT}/Target Support Files/Pods-mobile-challenger-mobile-challengerUITests/Pods-mobile-challenger-mobile-challengerUITests-frameworks-${CONFIGURATION}-output-files.xcfilelist",
			);
			runOnlyForDeploymentPostprocessing = 0;
			shellPath = /bin/sh;
			shellScript = "\"${PODS_ROOT}/Target Support Files/Pods-mobile-challenger-mobile-challengerUITests/Pods-mobile-challenger-mobile-challengerUITests-frameworks.sh\"\n";
			showEnvVarsInLog = 0;
		};
		A061916226F93BB7F8542FD2 /* [CP] Check Pods Manifest.lock */ = {
			isa = PBXShellScriptBuildPhase;
			buildActionMask = 2147483647;
			files = (
			);
			inputFileListPaths = (
			);
			inputPaths = (
				"${PODS_PODFILE_DIR_PATH}/Podfile.lock",
				"${PODS_ROOT}/Manifest.lock",
			);
			name = "[CP] Check Pods Manifest.lock";
			outputFileListPaths = (
			);
			outputPaths = (
				"$(DERIVED_FILE_DIR)/Pods-mobile-challengerTests-checkManifestLockResult.txt",
			);
			runOnlyForDeploymentPostprocessing = 0;
			shellPath = /bin/sh;
			shellScript = "diff \"${PODS_PODFILE_DIR_PATH}/Podfile.lock\" \"${PODS_ROOT}/Manifest.lock\" > /dev/null\nif [ $? != 0 ] ; then\n    # print error to STDERR\n    echo \"error: The sandbox is not in sync with the Podfile.lock. Run 'pod install' or update your CocoaPods installation.\" >&2\n    exit 1\nfi\n# This output is used by Xcode 'outputs' to avoid re-running this script phase.\necho \"SUCCESS\" > \"${SCRIPT_OUTPUT_FILE_0}\"\n";
			showEnvVarsInLog = 0;
		};
		D28E625D780E25516F25606E /* [CP] Check Pods Manifest.lock */ = {
			isa = PBXShellScriptBuildPhase;
			buildActionMask = 2147483647;
			files = (
			);
			inputFileListPaths = (
			);
			inputPaths = (
				"${PODS_PODFILE_DIR_PATH}/Podfile.lock",
				"${PODS_ROOT}/Manifest.lock",
			);
			name = "[CP] Check Pods Manifest.lock";
			outputFileListPaths = (
			);
			outputPaths = (
				"$(DERIVED_FILE_DIR)/Pods-mobile-challenger-checkManifestLockResult.txt",
			);
			runOnlyForDeploymentPostprocessing = 0;
			shellPath = /bin/sh;
			shellScript = "diff \"${PODS_PODFILE_DIR_PATH}/Podfile.lock\" \"${PODS_ROOT}/Manifest.lock\" > /dev/null\nif [ $? != 0 ] ; then\n    # print error to STDERR\n    echo \"error: The sandbox is not in sync with the Podfile.lock. Run 'pod install' or update your CocoaPods installation.\" >&2\n    exit 1\nfi\n# This output is used by Xcode 'outputs' to avoid re-running this script phase.\necho \"SUCCESS\" > \"${SCRIPT_OUTPUT_FILE_0}\"\n";
			showEnvVarsInLog = 0;
		};
/* End PBXShellScriptBuildPhase section */

/* Begin PBXSourcesBuildPhase section */
		E3FCDBF625DF58DE00C9F419 /* Sources */ = {
			isa = PBXSourcesBuildPhase;
			buildActionMask = 2147483647;
			files = (
				E37D7BAC25E0AA8200A5042C /* DetailHeaderTableViewCell.swift in Sources */,
				E37D7B9F25E082DC00A5042C /* DetailViewController.swift in Sources */,
				E360C9F625E035C6006E7F20 /* RoundedImageView.swift in Sources */,
				E360CA3A25E05B27006E7F20 /* Strings.swift in Sources */,
				E3FCDBFE25DF58DE00C9F419 /* AppDelegate.swift in Sources */,
				E37D7B9A25E082C900A5042C /* DetailPresenter.swift in Sources */,
				E360CA1225E0503D006E7F20 /* StatusBar.swift in Sources */,
				E37D7BA425E082F000A5042C /* DetailTableViewCell.swift in Sources */,
				E360C9FF25E04BE4006E7F20 /* Color.swift in Sources */,
				E360CA1725E055C5006E7F20 /* HomeViewController.swift in Sources */,
				E360CA2125E0573F006E7F20 /* HomeTableViewCell.swift in Sources */,
				E3FCDC0825DF58DE00C9F419 /* mobile_challenger.xcdatamodeld in Sources */,
				E360CA1C25E05645006E7F20 /* HomePresenter.swift in Sources */,
				E37D7BB725E0CCCF00A5042C /* NetworkingManager.swift in Sources */,
				E37D7BC525E0F21E00A5042C /* RepositoriesModel.swift in Sources */,
			);
			runOnlyForDeploymentPostprocessing = 0;
		};
		E3FCDC0F25DF58DF00C9F419 /* Sources */ = {
			isa = PBXSourcesBuildPhase;
			buildActionMask = 2147483647;
			files = (
				E3FCDC1825DF58DF00C9F419 /* mobile_challengerTests.swift in Sources */,
			);
			runOnlyForDeploymentPostprocessing = 0;
		};
		E3FCDC1A25DF58DF00C9F419 /* Sources */ = {
			isa = PBXSourcesBuildPhase;
			buildActionMask = 2147483647;
			files = (
				E3FCDC2325DF58DF00C9F419 /* mobile_challengerUITests.swift in Sources */,
			);
			runOnlyForDeploymentPostprocessing = 0;
		};
/* End PBXSourcesBuildPhase section */

/* Begin PBXTargetDependency section */
		E3FCDC1525DF58DF00C9F419 /* PBXTargetDependency */ = {
			isa = PBXTargetDependency;
			target = E3FCDBF925DF58DE00C9F419 /* mobile-challenger */;
			targetProxy = E3FCDC1425DF58DF00C9F419 /* PBXContainerItemProxy */;
		};
		E3FCDC2025DF58DF00C9F419 /* PBXTargetDependency */ = {
			isa = PBXTargetDependency;
			target = E3FCDBF925DF58DE00C9F419 /* mobile-challenger */;
			targetProxy = E3FCDC1F25DF58DF00C9F419 /* PBXContainerItemProxy */;
		};
/* End PBXTargetDependency section */

/* Begin PBXVariantGroup section */
		E360CA3825E05ACC006E7F20 /* Localizable.strings */ = {
			isa = PBXVariantGroup;
			children = (
				E360CA3725E05ACC006E7F20 /* en */,
			);
			name = Localizable.strings;
			sourceTree = "<group>";
		};
		E3FCDC0B25DF58DF00C9F419 /* LaunchScreen.storyboard */ = {
			isa = PBXVariantGroup;
			children = (
				E3FCDC0C25DF58DF00C9F419 /* Base */,
			);
			name = LaunchScreen.storyboard;
			sourceTree = "<group>";
		};
/* End PBXVariantGroup section */

/* Begin XCBuildConfiguration section */
		E3FCDC2525DF58DF00C9F419 /* Debug */ = {
			isa = XCBuildConfiguration;
			buildSettings = {
				ALWAYS_SEARCH_USER_PATHS = NO;
				CLANG_ANALYZER_NONNULL = YES;
				CLANG_ANALYZER_NUMBER_OBJECT_CONVERSION = YES_AGGRESSIVE;
				CLANG_CXX_LANGUAGE_STANDARD = "gnu++14";
				CLANG_CXX_LIBRARY = "libc++";
				CLANG_ENABLE_MODULES = YES;
				CLANG_ENABLE_OBJC_ARC = YES;
				CLANG_ENABLE_OBJC_WEAK = YES;
				CLANG_WARN_BLOCK_CAPTURE_AUTORELEASING = YES;
				CLANG_WARN_BOOL_CONVERSION = YES;
				CLANG_WARN_COMMA = YES;
				CLANG_WARN_CONSTANT_CONVERSION = YES;
				CLANG_WARN_DEPRECATED_OBJC_IMPLEMENTATIONS = YES;
				CLANG_WARN_DIRECT_OBJC_ISA_USAGE = YES_ERROR;
				CLANG_WARN_DOCUMENTATION_COMMENTS = YES;
				CLANG_WARN_EMPTY_BODY = YES;
				CLANG_WARN_ENUM_CONVERSION = YES;
				CLANG_WARN_INFINITE_RECURSION = YES;
				CLANG_WARN_INT_CONVERSION = YES;
				CLANG_WARN_NON_LITERAL_NULL_CONVERSION = YES;
				CLANG_WARN_OBJC_IMPLICIT_RETAIN_SELF = YES;
				CLANG_WARN_OBJC_LITERAL_CONVERSION = YES;
				CLANG_WARN_OBJC_ROOT_CLASS = YES_ERROR;
				CLANG_WARN_QUOTED_INCLUDE_IN_FRAMEWORK_HEADER = YES;
				CLANG_WARN_RANGE_LOOP_ANALYSIS = YES;
				CLANG_WARN_STRICT_PROTOTYPES = YES;
				CLANG_WARN_SUSPICIOUS_MOVE = YES;
				CLANG_WARN_UNGUARDED_AVAILABILITY = YES_AGGRESSIVE;
				CLANG_WARN_UNREACHABLE_CODE = YES;
				CLANG_WARN__DUPLICATE_METHOD_MATCH = YES;
				COPY_PHASE_STRIP = NO;
				DEBUG_INFORMATION_FORMAT = dwarf;
				ENABLE_STRICT_OBJC_MSGSEND = YES;
				ENABLE_TESTABILITY = YES;
				GCC_C_LANGUAGE_STANDARD = gnu11;
				GCC_DYNAMIC_NO_PIC = NO;
				GCC_NO_COMMON_BLOCKS = YES;
				GCC_OPTIMIZATION_LEVEL = 0;
				GCC_PREPROCESSOR_DEFINITIONS = (
					"DEBUG=1",
					"$(inherited)",
				);
				GCC_WARN_64_TO_32_BIT_CONVERSION = YES;
				GCC_WARN_ABOUT_RETURN_TYPE = YES_ERROR;
				GCC_WARN_UNDECLARED_SELECTOR = YES;
				GCC_WARN_UNINITIALIZED_AUTOS = YES_AGGRESSIVE;
				GCC_WARN_UNUSED_FUNCTION = YES;
				GCC_WARN_UNUSED_VARIABLE = YES;
				IPHONEOS_DEPLOYMENT_TARGET = 9.0;
				MTL_ENABLE_DEBUG_INFO = INCLUDE_SOURCE;
				MTL_FAST_MATH = YES;
				ONLY_ACTIVE_ARCH = YES;
				SDKROOT = iphoneos;
				SWIFT_ACTIVE_COMPILATION_CONDITIONS = DEBUG;
				SWIFT_OPTIMIZATION_LEVEL = "-Onone";
			};
			name = Debug;
		};
		E3FCDC2625DF58DF00C9F419 /* Release */ = {
			isa = XCBuildConfiguration;
			buildSettings = {
				ALWAYS_SEARCH_USER_PATHS = NO;
				CLANG_ANALYZER_NONNULL = YES;
				CLANG_ANALYZER_NUMBER_OBJECT_CONVERSION = YES_AGGRESSIVE;
				CLANG_CXX_LANGUAGE_STANDARD = "gnu++14";
				CLANG_CXX_LIBRARY = "libc++";
				CLANG_ENABLE_MODULES = YES;
				CLANG_ENABLE_OBJC_ARC = YES;
				CLANG_ENABLE_OBJC_WEAK = YES;
				CLANG_WARN_BLOCK_CAPTURE_AUTORELEASING = YES;
				CLANG_WARN_BOOL_CONVERSION = YES;
				CLANG_WARN_COMMA = YES;
				CLANG_WARN_CONSTANT_CONVERSION = YES;
				CLANG_WARN_DEPRECATED_OBJC_IMPLEMENTATIONS = YES;
				CLANG_WARN_DIRECT_OBJC_ISA_USAGE = YES_ERROR;
				CLANG_WARN_DOCUMENTATION_COMMENTS = YES;
				CLANG_WARN_EMPTY_BODY = YES;
				CLANG_WARN_ENUM_CONVERSION = YES;
				CLANG_WARN_INFINITE_RECURSION = YES;
				CLANG_WARN_INT_CONVERSION = YES;
				CLANG_WARN_NON_LITERAL_NULL_CONVERSION = YES;
				CLANG_WARN_OBJC_IMPLICIT_RETAIN_SELF = YES;
				CLANG_WARN_OBJC_LITERAL_CONVERSION = YES;
				CLANG_WARN_OBJC_ROOT_CLASS = YES_ERROR;
				CLANG_WARN_QUOTED_INCLUDE_IN_FRAMEWORK_HEADER = YES;
				CLANG_WARN_RANGE_LOOP_ANALYSIS = YES;
				CLANG_WARN_STRICT_PROTOTYPES = YES;
				CLANG_WARN_SUSPICIOUS_MOVE = YES;
				CLANG_WARN_UNGUARDED_AVAILABILITY = YES_AGGRESSIVE;
				CLANG_WARN_UNREACHABLE_CODE = YES;
				CLANG_WARN__DUPLICATE_METHOD_MATCH = YES;
				COPY_PHASE_STRIP = NO;
				DEBUG_INFORMATION_FORMAT = "dwarf-with-dsym";
				ENABLE_NS_ASSERTIONS = NO;
				ENABLE_STRICT_OBJC_MSGSEND = YES;
				GCC_C_LANGUAGE_STANDARD = gnu11;
				GCC_NO_COMMON_BLOCKS = YES;
				GCC_WARN_64_TO_32_BIT_CONVERSION = YES;
				GCC_WARN_ABOUT_RETURN_TYPE = YES_ERROR;
				GCC_WARN_UNDECLARED_SELECTOR = YES;
				GCC_WARN_UNINITIALIZED_AUTOS = YES_AGGRESSIVE;
				GCC_WARN_UNUSED_FUNCTION = YES;
				GCC_WARN_UNUSED_VARIABLE = YES;
				IPHONEOS_DEPLOYMENT_TARGET = 9.0;
				MTL_ENABLE_DEBUG_INFO = NO;
				MTL_FAST_MATH = YES;
				SDKROOT = iphoneos;
				SWIFT_COMPILATION_MODE = wholemodule;
				SWIFT_OPTIMIZATION_LEVEL = "-O";
				VALIDATE_PRODUCT = YES;
			};
			name = Release;
		};
		E3FCDC2825DF58DF00C9F419 /* Debug */ = {
			isa = XCBuildConfiguration;
			baseConfigurationReference = D03C0B96A81E635FF880C767 /* Pods-mobile-challenger.debug.xcconfig */;
			buildSettings = {
				ASSETCATALOG_COMPILER_APPICON_NAME = AppIcon;
				ASSETCATALOG_COMPILER_GLOBAL_ACCENT_COLOR_NAME = AccentColor;
				CODE_SIGN_STYLE = Automatic;
				DEVELOPMENT_TEAM = F65Q2A73U8;
				INFOPLIST_FILE = "mobile-challenger/app/Info.plist";
				IPHONEOS_DEPLOYMENT_TARGET = 9.0;
				LD_RUNPATH_SEARCH_PATHS = (
					"$(inherited)",
					"@executable_path/Frameworks",
				);
				PRODUCT_BUNDLE_IDENTIFIER = "leonardo.sugano.mobile-challenger";
				PRODUCT_NAME = "$(TARGET_NAME)";
				SWIFT_VERSION = 5.0;
				TARGETED_DEVICE_FAMILY = "1,2";
			};
			name = Debug;
		};
		E3FCDC2925DF58DF00C9F419 /* Release */ = {
			isa = XCBuildConfiguration;
			baseConfigurationReference = 4D537B9A1FF737E10079AEED /* Pods-mobile-challenger.release.xcconfig */;
			buildSettings = {
				ASSETCATALOG_COMPILER_APPICON_NAME = AppIcon;
				ASSETCATALOG_COMPILER_GLOBAL_ACCENT_COLOR_NAME = AccentColor;
				CODE_SIGN_STYLE = Automatic;
				DEVELOPMENT_TEAM = F65Q2A73U8;
				INFOPLIST_FILE = "mobile-challenger/app/Info.plist";
				IPHONEOS_DEPLOYMENT_TARGET = 9.0;
				LD_RUNPATH_SEARCH_PATHS = (
					"$(inherited)",
					"@executable_path/Frameworks",
				);
				PRODUCT_BUNDLE_IDENTIFIER = "leonardo.sugano.mobile-challenger";
				PRODUCT_NAME = "$(TARGET_NAME)";
				SWIFT_VERSION = 5.0;
				TARGETED_DEVICE_FAMILY = "1,2";
			};
			name = Release;
		};
		E3FCDC2B25DF58DF00C9F419 /* Debug */ = {
			isa = XCBuildConfiguration;
			baseConfigurationReference = 42C9CEB6A577E30D15AB2819 /* Pods-mobile-challengerTests.debug.xcconfig */;
			buildSettings = {
				ALWAYS_EMBED_SWIFT_STANDARD_LIBRARIES = YES;
				BUNDLE_LOADER = "$(TEST_HOST)";
				CODE_SIGN_STYLE = Automatic;
				DEVELOPMENT_TEAM = F65Q2A73U8;
				INFOPLIST_FILE = "mobile-challengerTests/Info.plist";
				IPHONEOS_DEPLOYMENT_TARGET = 14.4;
				LD_RUNPATH_SEARCH_PATHS = (
					"$(inherited)",
					"@executable_path/Frameworks",
					"@loader_path/Frameworks",
				);
				PRODUCT_BUNDLE_IDENTIFIER = "leonardo.sugano.mobile-challengerTests";
				PRODUCT_NAME = "$(TARGET_NAME)";
				SWIFT_VERSION = 5.0;
				TARGETED_DEVICE_FAMILY = "1,2";
				TEST_HOST = "$(BUILT_PRODUCTS_DIR)/mobile-challenger.app/mobile-challenger";
			};
			name = Debug;
		};
		E3FCDC2C25DF58DF00C9F419 /* Release */ = {
			isa = XCBuildConfiguration;
			baseConfigurationReference = D2FFB50AC31770BD154E7AC1 /* Pods-mobile-challengerTests.release.xcconfig */;
			buildSettings = {
				ALWAYS_EMBED_SWIFT_STANDARD_LIBRARIES = YES;
				BUNDLE_LOADER = "$(TEST_HOST)";
				CODE_SIGN_STYLE = Automatic;
				DEVELOPMENT_TEAM = F65Q2A73U8;
				INFOPLIST_FILE = "mobile-challengerTests/Info.plist";
				IPHONEOS_DEPLOYMENT_TARGET = 14.4;
				LD_RUNPATH_SEARCH_PATHS = (
					"$(inherited)",
					"@executable_path/Frameworks",
					"@loader_path/Frameworks",
				);
				PRODUCT_BUNDLE_IDENTIFIER = "leonardo.sugano.mobile-challengerTests";
				PRODUCT_NAME = "$(TARGET_NAME)";
				SWIFT_VERSION = 5.0;
				TARGETED_DEVICE_FAMILY = "1,2";
				TEST_HOST = "$(BUILT_PRODUCTS_DIR)/mobile-challenger.app/mobile-challenger";
			};
			name = Release;
		};
		E3FCDC2E25DF58DF00C9F419 /* Debug */ = {
			isa = XCBuildConfiguration;
			baseConfigurationReference = B7CFE5B7BACF2B2F8EF70D5C /* Pods-mobile-challenger-mobile-challengerUITests.debug.xcconfig */;
			buildSettings = {
				ALWAYS_EMBED_SWIFT_STANDARD_LIBRARIES = YES;
				CODE_SIGN_STYLE = Automatic;
				DEVELOPMENT_TEAM = F65Q2A73U8;
				INFOPLIST_FILE = "mobile-challengerUITests/Info.plist";
				LD_RUNPATH_SEARCH_PATHS = (
					"$(inherited)",
					"@executable_path/Frameworks",
					"@loader_path/Frameworks",
				);
				PRODUCT_BUNDLE_IDENTIFIER = "leonardo.sugano.mobile-challengerUITests";
				PRODUCT_NAME = "$(TARGET_NAME)";
				SWIFT_VERSION = 5.0;
				TARGETED_DEVICE_FAMILY = "1,2";
				TEST_TARGET_NAME = "mobile-challenger";
			};
			name = Debug;
		};
		E3FCDC2F25DF58DF00C9F419 /* Release */ = {
			isa = XCBuildConfiguration;
			baseConfigurationReference = 3F6ED4A9F0ED99E84F248C43 /* Pods-mobile-challenger-mobile-challengerUITests.release.xcconfig */;
			buildSettings = {
				ALWAYS_EMBED_SWIFT_STANDARD_LIBRARIES = YES;
				CODE_SIGN_STYLE = Automatic;
				DEVELOPMENT_TEAM = F65Q2A73U8;
				INFOPLIST_FILE = "mobile-challengerUITests/Info.plist";
				LD_RUNPATH_SEARCH_PATHS = (
					"$(inherited)",
					"@executable_path/Frameworks",
					"@loader_path/Frameworks",
				);
				PRODUCT_BUNDLE_IDENTIFIER = "leonardo.sugano.mobile-challengerUITests";
				PRODUCT_NAME = "$(TARGET_NAME)";
				SWIFT_VERSION = 5.0;
				TARGETED_DEVICE_FAMILY = "1,2";
				TEST_TARGET_NAME = "mobile-challenger";
			};
			name = Release;
		};
/* End XCBuildConfiguration section */

/* Begin XCConfigurationList section */
		E3FCDBF525DF58DE00C9F419 /* Build configuration list for PBXProject "mobile-challenger" */ = {
			isa = XCConfigurationList;
			buildConfigurations = (
				E3FCDC2525DF58DF00C9F419 /* Debug */,
				E3FCDC2625DF58DF00C9F419 /* Release */,
			);
			defaultConfigurationIsVisible = 0;
			defaultConfigurationName = Release;
		};
		E3FCDC2725DF58DF00C9F419 /* Build configuration list for PBXNativeTarget "mobile-challenger" */ = {
			isa = XCConfigurationList;
			buildConfigurations = (
				E3FCDC2825DF58DF00C9F419 /* Debug */,
				E3FCDC2925DF58DF00C9F419 /* Release */,
			);
			defaultConfigurationIsVisible = 0;
			defaultConfigurationName = Release;
		};
		E3FCDC2A25DF58DF00C9F419 /* Build configuration list for PBXNativeTarget "mobile-challengerTests" */ = {
			isa = XCConfigurationList;
			buildConfigurations = (
				E3FCDC2B25DF58DF00C9F419 /* Debug */,
				E3FCDC2C25DF58DF00C9F419 /* Release */,
			);
			defaultConfigurationIsVisible = 0;
			defaultConfigurationName = Release;
		};
		E3FCDC2D25DF58DF00C9F419 /* Build configuration list for PBXNativeTarget "mobile-challengerUITests" */ = {
			isa = XCConfigurationList;
			buildConfigurations = (
				E3FCDC2E25DF58DF00C9F419 /* Debug */,
				E3FCDC2F25DF58DF00C9F419 /* Release */,
			);
			defaultConfigurationIsVisible = 0;
			defaultConfigurationName = Release;
		};
/* End XCConfigurationList section */

/* Begin XCVersionGroup section */
		E3FCDC0625DF58DE00C9F419 /* mobile_challenger.xcdatamodeld */ = {
			isa = XCVersionGroup;
			children = (
				E3FCDC0725DF58DE00C9F419 /* mobile_challenger.xcdatamodel */,
			);
			currentVersion = E3FCDC0725DF58DE00C9F419 /* mobile_challenger.xcdatamodel */;
			path = mobile_challenger.xcdatamodeld;
			sourceTree = "<group>";
			versionGroupType = wrapper.xcdatamodel;
		};
/* End XCVersionGroup section */
	};
	rootObject = E3FCDBF225DF58DE00C9F419 /* Project object */;
}
