PODS:
  - SDKGithubServices/Debug (0.2.4)

DEPENDENCIES:
  - SDKGithubServices/Debug (= 0.2.4)

SPEC REPOS:
  https://github.com/gabrielsousaleal/pod-specs.git:
    - SDKGithubServices

SPEC CHECKSUMS:
  SDKGithubServices: 8a2bb45cf2723f6e560e7970a2fedffd7dae9c10

PODFILE CHECKSUM: 539c96b0faed337fc7cea553d50774cf9f6c9695

COCOAPODS: 1.10.1
