PODS:
  - SDKGithubServices/Debug (0.1.6)

DEPENDENCIES:
  - SDKGithubServices/Debug (= 0.1.6)

SPEC REPOS:
  https://github.com/gabrielsousaleal/pod-specs.git:
    - SDKGithubServices

SPEC CHECKSUMS:
  SDKGithubServices: 2e192188880c7125e0bcf50325e954ecfac6fae7

PODFILE CHECKSUM: e956ad417f4815d7e4b25a5e9d6b1f567f2e4f76

COCOAPODS: 1.10.1
