PODS:
  - SDKGithubServices (0.1.9):
    - SDKGithubServices/Core (= 0.1.9)
  - SDKGithubServices/Core (0.1.9)

DEPENDENCIES:
  - SDKGithubServices (= 0.1.9)

SPEC REPOS:
  https://github.com/gabrielsousaleal/pod-specs.git:
    - SDKGithubServices

SPEC CHECKSUMS:
  SDKGithubServices: 29d37d00957e9fde76690195c7f8848048dc874c

PODFILE CHECKSUM: 81a98a1ebb732d6f082f31b66663d3ffbc65d8bf

COCOAPODS: 1.10.1
