// !$*UTF8*$!
{
	archiveVersion = 1;
	classes = {
	};
	objectVersion = 51;
	objects = {

/* Begin PBXBuildFile section */
		3DC382778B3C7DBFD923B1F5 /* Pods_DesafioSafra.framework in Frameworks */ = {isa = PBXBuildFile; fileRef = 95CEDC13FD9C334F8702AC85 /* Pods_DesafioSafra.framework */; };
		88DAA669263B3C230092D514 /* WebViewController.swift in Sources */ = {isa = PBXBuildFile; fileRef = 88DAA668263B3C230092D514 /* WebViewController.swift */; };
		88DE5A5A2638AAAD0023D037 /* JavaPop.swift in Sources */ = {isa = PBXBuildFile; fileRef = 88DE5A592638AAAD0023D037 /* JavaPop.swift */; };
		88DE5A5C2638AAE40023D037 /* Items.swift in Sources */ = {isa = PBXBuildFile; fileRef = 88DE5A5B2638AAE40023D037 /* Items.swift */; };
		88DE5A5E2638AB030023D037 /* Owner.swift in Sources */ = {isa = PBXBuildFile; fileRef = 88DE5A5D2638AB030023D037 /* Owner.swift */; };
		88DE5A622638B3FD0023D037 /* JavaPopViewModel.swift in Sources */ = {isa = PBXBuildFile; fileRef = 88DE5A612638B3FD0023D037 /* JavaPopViewModel.swift */; };
		88DE5A642638B4750023D037 /* User.swift in Sources */ = {isa = PBXBuildFile; fileRef = 88DE5A632638B4750023D037 /* User.swift */; };
		88DE5A662638B52F0023D037 /* Mock.swift in Sources */ = {isa = PBXBuildFile; fileRef = 88DE5A652638B52F0023D037 /* Mock.swift */; };
		88DE5A6B2638B9390023D037 /* JavaPopTableViewCell.swift in Sources */ = {isa = PBXBuildFile; fileRef = 88DE5A6A2638B9390023D037 /* JavaPopTableViewCell.swift */; };
		88DE5A6D2639C1C70023D037 /* PullRequest.swift in Sources */ = {isa = PBXBuildFile; fileRef = 88DE5A6C2639C1C70023D037 /* PullRequest.swift */; };
		88DE5A6F2639C2C20023D037 /* PullRequestViewModel.swift in Sources */ = {isa = PBXBuildFile; fileRef = 88DE5A6E2639C2C20023D037 /* PullRequestViewModel.swift */; };
		88DE5A742639D9080023D037 /* UIViewController+Extras.swift in Sources */ = {isa = PBXBuildFile; fileRef = 88DE5A732639D9080023D037 /* UIViewController+Extras.swift */; };
		88DE5A762639D93A0023D037 /* UITableViewController+Extras.swift in Sources */ = {isa = PBXBuildFile; fileRef = 88DE5A752639D93A0023D037 /* UITableViewController+Extras.swift */; };
		88DE5A7D2639E59A0023D037 /* PullRequestTableViewCell.swift in Sources */ = {isa = PBXBuildFile; fileRef = 88DE5A7C2639E59A0023D037 /* PullRequestTableViewCell.swift */; };
		88DE5A7F263B1A890023D037 /* PullRequestViewController.swift in Sources */ = {isa = PBXBuildFile; fileRef = 88DE5A7E263B1A890023D037 /* PullRequestViewController.swift */; };
		9D2ED4B1D5161AACE230AA94 /* Pods_DesafioSafraTests.framework in Frameworks */ = {isa = PBXBuildFile; fileRef = DA11BFF655D3E49B3B71D71B /* Pods_DesafioSafraTests.framework */; };
		9E91AA54263C2E140055DA80 /* RequestManager.swift in Sources */ = {isa = PBXBuildFile; fileRef = 9E91AA53263C2E140055DA80 /* RequestManager.swift */; };
		9E91AA56263C2E220055DA80 /* AlamofireRequest.swift in Sources */ = {isa = PBXBuildFile; fileRef = 9E91AA55263C2E220055DA80 /* AlamofireRequest.swift */; };
		9E91AA5B263C2E880055DA80 /* UsersAPI.swift in Sources */ = {isa = PBXBuildFile; fileRef = 9E91AA5A263C2E880055DA80 /* UsersAPI.swift */; };
		9E91AA5D263C2EAD0055DA80 /* StarsRepositoriesAPI.swift in Sources */ = {isa = PBXBuildFile; fileRef = 9E91AA5C263C2EAD0055DA80 /* StarsRepositoriesAPI.swift */; };
		9E91AA5F263C2EDC0055DA80 /* GithubAPISources.swift in Sources */ = {isa = PBXBuildFile; fileRef = 9E91AA5E263C2EDC0055DA80 /* GithubAPISources.swift */; };
		9E91AA62263C785E0055DA80 /* PullsApi.swift in Sources */ = {isa = PBXBuildFile; fileRef = 9E91AA61263C785E0055DA80 /* PullsApi.swift */; };
		9E91AA64263CA1BB0055DA80 /* Utils.swift in Sources */ = {isa = PBXBuildFile; fileRef = 9E91AA63263CA1BB0055DA80 /* Utils.swift */; };
		A5FA6797263735AD004D5C79 /* AppDelegate.swift in Sources */ = {isa = PBXBuildFile; fileRef = A5FA6796263735AD004D5C79 /* AppDelegate.swift */; };
		A5FA679B263735AD004D5C79 /* JavaPopController.swift in Sources */ = {isa = PBXBuildFile; fileRef = A5FA679A263735AD004D5C79 /* JavaPopController.swift */; };
		A5FA679E263735AD004D5C79 /* Main.storyboard in Resources */ = {isa = PBXBuildFile; fileRef = A5FA679C263735AD004D5C79 /* Main.storyboard */; };
		A5FA67A1263735AD004D5C79 /* DesafioSafra.xcdatamodeld in Sources */ = {isa = PBXBuildFile; fileRef = A5FA679F263735AD004D5C79 /* DesafioSafra.xcdatamodeld */; };
		A5FA67A3263735AE004D5C79 /* Assets.xcassets in Resources */ = {isa = PBXBuildFile; fileRef = A5FA67A2263735AE004D5C79 /* Assets.xcassets */; };
		A5FA67A6263735AE004D5C79 /* LaunchScreen.storyboard in Resources */ = {isa = PBXBuildFile; fileRef = A5FA67A4263735AE004D5C79 /* LaunchScreen.storyboard */; };
		A5FA67B1263735AE004D5C79 /* DesafioSafraTests.swift in Sources */ = {isa = PBXBuildFile; fileRef = A5FA67B0263735AE004D5C79 /* DesafioSafraTests.swift */; };
		A5FA67BC263735AE004D5C79 /* DesafioSafraUITests.swift in Sources */ = {isa = PBXBuildFile; fileRef = A5FA67BB263735AE004D5C79 /* DesafioSafraUITests.swift */; };
		E07582938257F024E4352620 /* Pods_DesafioSafra_DesafioSafraUITests.framework in Frameworks */ = {isa = PBXBuildFile; fileRef = 9122FD0F2BF8A43B8EF091CB /* Pods_DesafioSafra_DesafioSafraUITests.framework */; };
/* End PBXBuildFile section */

/* Begin PBXContainerItemProxy section */
		A5FA67AD263735AE004D5C79 /* PBXContainerItemProxy */ = {
			isa = PBXContainerItemProxy;
			containerPortal = A5FA678B263735AD004D5C79 /* Project object */;
			proxyType = 1;
			remoteGlobalIDString = A5FA6792263735AD004D5C79;
			remoteInfo = DesafioSafra;
		};
		A5FA67B8263735AE004D5C79 /* PBXContainerItemProxy */ = {
			isa = PBXContainerItemProxy;
			containerPortal = A5FA678B263735AD004D5C79 /* Project object */;
			proxyType = 1;
			remoteGlobalIDString = A5FA6792263735AD004D5C79;
			remoteInfo = DesafioSafra;
		};
/* End PBXContainerItemProxy section */

/* Begin PBXFileReference section */
		1DCD2CBA65F15B224929731F /* Pods-DesafioSafraTests.debug.xcconfig */ = {isa = PBXFileReference; includeInIndex = 1; lastKnownFileType = text.xcconfig; name = "Pods-DesafioSafraTests.debug.xcconfig"; path = "Target Support Files/Pods-DesafioSafraTests/Pods-DesafioSafraTests.debug.xcconfig"; sourceTree = "<group>"; };
		6364849FEC7B1A9340750E3D /* Pods-DesafioSafra.debug.xcconfig */ = {isa = PBXFileReference; includeInIndex = 1; lastKnownFileType = text.xcconfig; name = "Pods-DesafioSafra.debug.xcconfig"; path = "Target Support Files/Pods-DesafioSafra/Pods-DesafioSafra.debug.xcconfig"; sourceTree = "<group>"; };
		69B030B26DE70723EBB79466 /* Pods-DesafioSafraTests.release.xcconfig */ = {isa = PBXFileReference; includeInIndex = 1; lastKnownFileType = text.xcconfig; name = "Pods-DesafioSafraTests.release.xcconfig"; path = "Target Support Files/Pods-DesafioSafraTests/Pods-DesafioSafraTests.release.xcconfig"; sourceTree = "<group>"; };
		88DAA668263B3C230092D514 /* WebViewController.swift */ = {isa = PBXFileReference; lastKnownFileType = sourcecode.swift; path = WebViewController.swift; sourceTree = "<group>"; };
		88DE5A592638AAAD0023D037 /* JavaPop.swift */ = {isa = PBXFileReference; lastKnownFileType = sourcecode.swift; path = JavaPop.swift; sourceTree = "<group>"; };
		88DE5A5B2638AAE40023D037 /* Items.swift */ = {isa = PBXFileReference; lastKnownFileType = sourcecode.swift; path = Items.swift; sourceTree = "<group>"; };
		88DE5A5D2638AB030023D037 /* Owner.swift */ = {isa = PBXFileReference; lastKnownFileType = sourcecode.swift; path = Owner.swift; sourceTree = "<group>"; };
		88DE5A612638B3FD0023D037 /* JavaPopViewModel.swift */ = {isa = PBXFileReference; lastKnownFileType = sourcecode.swift; path = JavaPopViewModel.swift; sourceTree = "<group>"; };
		88DE5A632638B4750023D037 /* User.swift */ = {isa = PBXFileReference; lastKnownFileType = sourcecode.swift; path = User.swift; sourceTree = "<group>"; };
		88DE5A652638B52F0023D037 /* Mock.swift */ = {isa = PBXFileReference; lastKnownFileType = sourcecode.swift; path = Mock.swift; sourceTree = "<group>"; };
		88DE5A6A2638B9390023D037 /* JavaPopTableViewCell.swift */ = {isa = PBXFileReference; lastKnownFileType = sourcecode.swift; path = JavaPopTableViewCell.swift; sourceTree = "<group>"; };
		88DE5A6C2639C1C70023D037 /* PullRequest.swift */ = {isa = PBXFileReference; lastKnownFileType = sourcecode.swift; path = PullRequest.swift; sourceTree = "<group>"; };
		88DE5A6E2639C2C20023D037 /* PullRequestViewModel.swift */ = {isa = PBXFileReference; lastKnownFileType = sourcecode.swift; path = PullRequestViewModel.swift; sourceTree = "<group>"; };
		88DE5A732639D9080023D037 /* UIViewController+Extras.swift */ = {isa = PBXFileReference; lastKnownFileType = sourcecode.swift; path = "UIViewController+Extras.swift"; sourceTree = "<group>"; };
		88DE5A752639D93A0023D037 /* UITableViewController+Extras.swift */ = {isa = PBXFileReference; lastKnownFileType = sourcecode.swift; path = "UITableViewController+Extras.swift"; sourceTree = "<group>"; };
		88DE5A7C2639E59A0023D037 /* PullRequestTableViewCell.swift */ = {isa = PBXFileReference; lastKnownFileType = sourcecode.swift; path = PullRequestTableViewCell.swift; sourceTree = "<group>"; };
		88DE5A7E263B1A890023D037 /* PullRequestViewController.swift */ = {isa = PBXFileReference; lastKnownFileType = sourcecode.swift; path = PullRequestViewController.swift; sourceTree = "<group>"; };
		898AD435214DAB70CC39FA24 /* Pods-DesafioSafra.release.xcconfig */ = {isa = PBXFileReference; includeInIndex = 1; lastKnownFileType = text.xcconfig; name = "Pods-DesafioSafra.release.xcconfig"; path = "Target Support Files/Pods-DesafioSafra/Pods-DesafioSafra.release.xcconfig"; sourceTree = "<group>"; };
		9122FD0F2BF8A43B8EF091CB /* Pods_DesafioSafra_DesafioSafraUITests.framework */ = {isa = PBXFileReference; explicitFileType = wrapper.framework; includeInIndex = 0; path = Pods_DesafioSafra_DesafioSafraUITests.framework; sourceTree = BUILT_PRODUCTS_DIR; };
		93D32BC1EFF74609472CE946 /* Pods-DesafioSafra-DesafioSafraUITests.debug.xcconfig */ = {isa = PBXFileReference; includeInIndex = 1; lastKnownFileType = text.xcconfig; name = "Pods-DesafioSafra-DesafioSafraUITests.debug.xcconfig"; path = "Target Support Files/Pods-DesafioSafra-DesafioSafraUITests/Pods-DesafioSafra-DesafioSafraUITests.debug.xcconfig"; sourceTree = "<group>"; };
		95CEDC13FD9C334F8702AC85 /* Pods_DesafioSafra.framework */ = {isa = PBXFileReference; explicitFileType = wrapper.framework; includeInIndex = 0; path = Pods_DesafioSafra.framework; sourceTree = BUILT_PRODUCTS_DIR; };
		9E91AA53263C2E140055DA80 /* RequestManager.swift */ = {isa = PBXFileReference; lastKnownFileType = sourcecode.swift; path = RequestManager.swift; sourceTree = "<group>"; };
		9E91AA55263C2E220055DA80 /* AlamofireRequest.swift */ = {isa = PBXFileReference; lastKnownFileType = sourcecode.swift; path = AlamofireRequest.swift; sourceTree = "<group>"; };
		9E91AA5A263C2E880055DA80 /* UsersAPI.swift */ = {isa = PBXFileReference; lastKnownFileType = sourcecode.swift; path = UsersAPI.swift; sourceTree = "<group>"; };
		9E91AA5C263C2EAD0055DA80 /* StarsRepositoriesAPI.swift */ = {isa = PBXFileReference; lastKnownFileType = sourcecode.swift; path = StarsRepositoriesAPI.swift; sourceTree = "<group>"; };
		9E91AA5E263C2EDC0055DA80 /* GithubAPISources.swift */ = {isa = PBXFileReference; lastKnownFileType = sourcecode.swift; path = GithubAPISources.swift; sourceTree = "<group>"; };
		9E91AA61263C785E0055DA80 /* PullsApi.swift */ = {isa = PBXFileReference; lastKnownFileType = sourcecode.swift; path = PullsApi.swift; sourceTree = "<group>"; };
		9E91AA63263CA1BB0055DA80 /* Utils.swift */ = {isa = PBXFileReference; lastKnownFileType = sourcecode.swift; path = Utils.swift; sourceTree = "<group>"; };
		A5FA6793263735AD004D5C79 /* DesafioSafra.app */ = {isa = PBXFileReference; explicitFileType = wrapper.application; includeInIndex = 0; path = DesafioSafra.app; sourceTree = BUILT_PRODUCTS_DIR; };
		A5FA6796263735AD004D5C79 /* AppDelegate.swift */ = {isa = PBXFileReference; lastKnownFileType = sourcecode.swift; path = AppDelegate.swift; sourceTree = "<group>"; };
		A5FA679A263735AD004D5C79 /* JavaPopController.swift */ = {isa = PBXFileReference; lastKnownFileType = sourcecode.swift; path = JavaPopController.swift; sourceTree = "<group>"; };
		A5FA679D263735AD004D5C79 /* Base */ = {isa = PBXFileReference; lastKnownFileType = file.storyboard; name = Base; path = Base.lproj/Main.storyboard; sourceTree = "<group>"; };
		A5FA67A0263735AD004D5C79 /* DesafioSafra.xcdatamodel */ = {isa = PBXFileReference; lastKnownFileType = wrapper.xcdatamodel; path = DesafioSafra.xcdatamodel; sourceTree = "<group>"; };
		A5FA67A2263735AE004D5C79 /* Assets.xcassets */ = {isa = PBXFileReference; lastKnownFileType = folder.assetcatalog; path = Assets.xcassets; sourceTree = "<group>"; };
		A5FA67A5263735AE004D5C79 /* Base */ = {isa = PBXFileReference; lastKnownFileType = file.storyboard; name = Base; path = Base.lproj/LaunchScreen.storyboard; sourceTree = "<group>"; };
		A5FA67A7263735AE004D5C79 /* Info.plist */ = {isa = PBXFileReference; lastKnownFileType = text.plist.xml; path = Info.plist; sourceTree = "<group>"; };
		A5FA67AC263735AE004D5C79 /* DesafioSafraTests.xctest */ = {isa = PBXFileReference; explicitFileType = wrapper.cfbundle; includeInIndex = 0; path = DesafioSafraTests.xctest; sourceTree = BUILT_PRODUCTS_DIR; };
		A5FA67B0263735AE004D5C79 /* DesafioSafraTests.swift */ = {isa = PBXFileReference; lastKnownFileType = sourcecode.swift; path = DesafioSafraTests.swift; sourceTree = "<group>"; };
		A5FA67B2263735AE004D5C79 /* Info.plist */ = {isa = PBXFileReference; lastKnownFileType = text.plist.xml; path = Info.plist; sourceTree = "<group>"; };
		A5FA67B7263735AE004D5C79 /* DesafioSafraUITests.xctest */ = {isa = PBXFileReference; explicitFileType = wrapper.cfbundle; includeInIndex = 0; path = DesafioSafraUITests.xctest; sourceTree = BUILT_PRODUCTS_DIR; };
		A5FA67BB263735AE004D5C79 /* DesafioSafraUITests.swift */ = {isa = PBXFileReference; lastKnownFileType = sourcecode.swift; path = DesafioSafraUITests.swift; sourceTree = "<group>"; };
		A5FA67BD263735AE004D5C79 /* Info.plist */ = {isa = PBXFileReference; lastKnownFileType = text.plist.xml; path = Info.plist; sourceTree = "<group>"; };
		C84AF724220EF497290779F6 /* Pods-DesafioSafra-DesafioSafraUITests.release.xcconfig */ = {isa = PBXFileReference; includeInIndex = 1; lastKnownFileType = text.xcconfig; name = "Pods-DesafioSafra-DesafioSafraUITests.release.xcconfig"; path = "Target Support Files/Pods-DesafioSafra-DesafioSafraUITests/Pods-DesafioSafra-DesafioSafraUITests.release.xcconfig"; sourceTree = "<group>"; };
		DA11BFF655D3E49B3B71D71B /* Pods_DesafioSafraTests.framework */ = {isa = PBXFileReference; explicitFileType = wrapper.framework; includeInIndex = 0; path = Pods_DesafioSafraTests.framework; sourceTree = BUILT_PRODUCTS_DIR; };
/* End PBXFileReference section */

/* Begin PBXFrameworksBuildPhase section */
		A5FA6790263735AD004D5C79 /* Frameworks */ = {
			isa = PBXFrameworksBuildPhase;
			buildActionMask = 2147483647;
			files = (
				3DC382778B3C7DBFD923B1F5 /* Pods_DesafioSafra.framework in Frameworks */,
			);
			runOnlyForDeploymentPostprocessing = 0;
		};
		A5FA67A9263735AE004D5C79 /* Frameworks */ = {
			isa = PBXFrameworksBuildPhase;
			buildActionMask = 2147483647;
			files = (
				9D2ED4B1D5161AACE230AA94 /* Pods_DesafioSafraTests.framework in Frameworks */,
			);
			runOnlyForDeploymentPostprocessing = 0;
		};
		A5FA67B4263735AE004D5C79 /* Frameworks */ = {
			isa = PBXFrameworksBuildPhase;
			buildActionMask = 2147483647;
			files = (
				E07582938257F024E4352620 /* Pods_DesafioSafra_DesafioSafraUITests.framework in Frameworks */,
			);
			runOnlyForDeploymentPostprocessing = 0;
		};
/* End PBXFrameworksBuildPhase section */

/* Begin PBXGroup section */
		45708EDCE6DF340BFDB39973 /* Pods */ = {
			isa = PBXGroup;
			children = (
				6364849FEC7B1A9340750E3D /* Pods-DesafioSafra.debug.xcconfig */,
				898AD435214DAB70CC39FA24 /* Pods-DesafioSafra.release.xcconfig */,
				93D32BC1EFF74609472CE946 /* Pods-DesafioSafra-DesafioSafraUITests.debug.xcconfig */,
				C84AF724220EF497290779F6 /* Pods-DesafioSafra-DesafioSafraUITests.release.xcconfig */,
				1DCD2CBA65F15B224929731F /* Pods-DesafioSafraTests.debug.xcconfig */,
				69B030B26DE70723EBB79466 /* Pods-DesafioSafraTests.release.xcconfig */,
			);
			path = Pods;
			sourceTree = "<group>";
		};
		88DAA667263B3C040092D514 /* Web */ = {
			isa = PBXGroup;
			children = (
				88DAA668263B3C230092D514 /* WebViewController.swift */,
			);
			path = Web;
			sourceTree = "<group>";
		};
		88DE5A4D26389E950023D037 /* Architecture */ = {
			isa = PBXGroup;
			children = (
				9E91AA52263C2DF90055DA80 /* Services */,
				88DE5A5426389ED90023D037 /* Models */,
				88DE5A5326389ED20023D037 /* ViewModels */,
				88DE5A5226389ECC0023D037 /* View */,
			);
			path = Architecture;
			sourceTree = "<group>";
		};
		88DE5A4E26389EA00023D037 /* UI */ = {
			isa = PBXGroup;
			children = (
				A5FA67A2263735AE004D5C79 /* Assets.xcassets */,
				A5FA679C263735AD004D5C79 /* Main.storyboard */,
				A5FA67A4263735AE004D5C79 /* LaunchScreen.storyboard */,
			);
			path = UI;
			sourceTree = "<group>";
		};
		88DE5A4F26389EA50023D037 /* Utils */ = {
			isa = PBXGroup;
			children = (
				88DE5A722639D8EC0023D037 /* Extension */,
			);
			path = Utils;
			sourceTree = "<group>";
		};
		88DE5A5226389ECC0023D037 /* View */ = {
			isa = PBXGroup;
			children = (
				88DAA667263B3C040092D514 /* Web */,
				88DE5A782639DADD0023D037 /* PullRequest */,
				88DE5A772639DACD0023D037 /* JavaPop */,
			);
			path = View;
			sourceTree = "<group>";
		};
		88DE5A5326389ED20023D037 /* ViewModels */ = {
			isa = PBXGroup;
			children = (
				88DE5A612638B3FD0023D037 /* JavaPopViewModel.swift */,
				88DE5A6E2639C2C20023D037 /* PullRequestViewModel.swift */,
			);
			path = ViewModels;
			sourceTree = "<group>";
		};
		88DE5A5426389ED90023D037 /* Models */ = {
			isa = PBXGroup;
			children = (
				88DE5A592638AAAD0023D037 /* JavaPop.swift */,
				88DE5A5B2638AAE40023D037 /* Items.swift */,
				88DE5A5D2638AB030023D037 /* Owner.swift */,
				88DE5A632638B4750023D037 /* User.swift */,
				88DE5A6C2639C1C70023D037 /* PullRequest.swift */,
			);
			path = Models;
			sourceTree = "<group>";
		};
		88DE5A672638B8A10023D037 /* Cell */ = {
			isa = PBXGroup;
			children = (
				88DE5A6A2638B9390023D037 /* JavaPopTableViewCell.swift */,
			);
			path = Cell;
			sourceTree = "<group>";
		};
		88DE5A722639D8EC0023D037 /* Extension */ = {
			isa = PBXGroup;
			children = (
				88DE5A732639D9080023D037 /* UIViewController+Extras.swift */,
				88DE5A752639D93A0023D037 /* UITableViewController+Extras.swift */,
				9E91AA63263CA1BB0055DA80 /* Utils.swift */,
			);
			path = Extension;
			sourceTree = "<group>";
		};
		88DE5A772639DACD0023D037 /* JavaPop */ = {
			isa = PBXGroup;
			children = (
				88DE5A672638B8A10023D037 /* Cell */,
				A5FA679A263735AD004D5C79 /* JavaPopController.swift */,
			);
			path = JavaPop;
			sourceTree = "<group>";
		};
		88DE5A782639DADD0023D037 /* PullRequest */ = {
			isa = PBXGroup;
			children = (
				88DE5A792639DAED0023D037 /* Cell */,
				88DE5A7E263B1A890023D037 /* PullRequestViewController.swift */,
			);
			path = PullRequest;
			sourceTree = "<group>";
		};
		88DE5A792639DAED0023D037 /* Cell */ = {
			isa = PBXGroup;
			children = (
				88DE5A7C2639E59A0023D037 /* PullRequestTableViewCell.swift */,
			);
			path = Cell;
			sourceTree = "<group>";
		};
		9E91AA52263C2DF90055DA80 /* Services */ = {
			isa = PBXGroup;
			children = (
				9E91AA57263C2E5A0055DA80 /* GithubAPI */,
				9E91AA53263C2E140055DA80 /* RequestManager.swift */,
				9E91AA55263C2E220055DA80 /* AlamofireRequest.swift */,
			);
			path = Services;
			sourceTree = "<group>";
		};
		9E91AA57263C2E5A0055DA80 /* GithubAPI */ = {
			isa = PBXGroup;
			children = (
				9E91AA60263C78490055DA80 /* Pulls */,
				9E91AA59263C2E710055DA80 /* StarsRepositories */,
				9E91AA58263C2E6B0055DA80 /* Users */,
				9E91AA5E263C2EDC0055DA80 /* GithubAPISources.swift */,
			);
			path = GithubAPI;
			sourceTree = "<group>";
		};
		9E91AA58263C2E6B0055DA80 /* Users */ = {
			isa = PBXGroup;
			children = (
				9E91AA5A263C2E880055DA80 /* UsersAPI.swift */,
			);
			path = Users;
			sourceTree = "<group>";
		};
		9E91AA59263C2E710055DA80 /* StarsRepositories */ = {
			isa = PBXGroup;
			children = (
				9E91AA5C263C2EAD0055DA80 /* StarsRepositoriesAPI.swift */,
			);
			path = StarsRepositories;
			sourceTree = "<group>";
		};
		9E91AA60263C78490055DA80 /* Pulls */ = {
			isa = PBXGroup;
			children = (
				9E91AA61263C785E0055DA80 /* PullsApi.swift */,
			);
			path = Pulls;
			sourceTree = "<group>";
		};
		A5FA678A263735AD004D5C79 = {
			isa = PBXGroup;
			children = (
				A5FA6795263735AD004D5C79 /* DesafioSafra */,
				A5FA67AF263735AE004D5C79 /* DesafioSafraTests */,
				A5FA67BA263735AE004D5C79 /* DesafioSafraUITests */,
				A5FA6794263735AD004D5C79 /* Products */,
				45708EDCE6DF340BFDB39973 /* Pods */,
				EC94877BA95DAAA2432C6AF0 /* Frameworks */,
			);
			sourceTree = "<group>";
		};
		A5FA6794263735AD004D5C79 /* Products */ = {
			isa = PBXGroup;
			children = (
				A5FA6793263735AD004D5C79 /* DesafioSafra.app */,
				A5FA67AC263735AE004D5C79 /* DesafioSafraTests.xctest */,
				A5FA67B7263735AE004D5C79 /* DesafioSafraUITests.xctest */,
			);
			name = Products;
			sourceTree = "<group>";
		};
		A5FA6795263735AD004D5C79 /* DesafioSafra */ = {
			isa = PBXGroup;
			children = (
				A5FA679F263735AD004D5C79 /* DesafioSafra.xcdatamodeld */,
				A5FA6796263735AD004D5C79 /* AppDelegate.swift */,
				88DE5A4D26389E950023D037 /* Architecture */,
				88DE5A4E26389EA00023D037 /* UI */,
				88DE5A4F26389EA50023D037 /* Utils */,
				A5FA67A7263735AE004D5C79 /* Info.plist */,
				88DE5A652638B52F0023D037 /* Mock.swift */,
			);
			path = DesafioSafra;
			sourceTree = "<group>";
		};
		A5FA67AF263735AE004D5C79 /* DesafioSafraTests */ = {
			isa = PBXGroup;
			children = (
				A5FA67B0263735AE004D5C79 /* DesafioSafraTests.swift */,
				A5FA67B2263735AE004D5C79 /* Info.plist */,
			);
			path = DesafioSafraTests;
			sourceTree = "<group>";
		};
		A5FA67BA263735AE004D5C79 /* DesafioSafraUITests */ = {
			isa = PBXGroup;
			children = (
				A5FA67BB263735AE004D5C79 /* DesafioSafraUITests.swift */,
				A5FA67BD263735AE004D5C79 /* Info.plist */,
			);
			path = DesafioSafraUITests;
			sourceTree = "<group>";
		};
		EC94877BA95DAAA2432C6AF0 /* Frameworks */ = {
			isa = PBXGroup;
			children = (
				95CEDC13FD9C334F8702AC85 /* Pods_DesafioSafra.framework */,
				9122FD0F2BF8A43B8EF091CB /* Pods_DesafioSafra_DesafioSafraUITests.framework */,
				DA11BFF655D3E49B3B71D71B /* Pods_DesafioSafraTests.framework */,
			);
			name = Frameworks;
			sourceTree = "<group>";
		};
/* End PBXGroup section */

/* Begin PBXNativeTarget section */
		A5FA6792263735AD004D5C79 /* DesafioSafra */ = {
			isa = PBXNativeTarget;
			buildConfigurationList = A5FA67C0263735AE004D5C79 /* Build configuration list for PBXNativeTarget "DesafioSafra" */;
			buildPhases = (
				CF6674D4E54E85CAA6D27D33 /* [CP] Check Pods Manifest.lock */,
				A5FA678F263735AD004D5C79 /* Sources */,
				A5FA6790263735AD004D5C79 /* Frameworks */,
				A5FA6791263735AD004D5C79 /* Resources */,
				94CF92796B3B029390137C9F /* [CP] Embed Pods Frameworks */,
			);
			buildRules = (
			);
			dependencies = (
			);
			name = DesafioSafra;
			productName = DesafioSafra;
			productReference = A5FA6793263735AD004D5C79 /* DesafioSafra.app */;
			productType = "com.apple.product-type.application";
		};
		A5FA67AB263735AE004D5C79 /* DesafioSafraTests */ = {
			isa = PBXNativeTarget;
			buildConfigurationList = A5FA67C3263735AE004D5C79 /* Build configuration list for PBXNativeTarget "DesafioSafraTests" */;
			buildPhases = (
				1CC66C45379C79DEF3112BD6 /* [CP] Check Pods Manifest.lock */,
				A5FA67A8263735AE004D5C79 /* Sources */,
				A5FA67A9263735AE004D5C79 /* Frameworks */,
				A5FA67AA263735AE004D5C79 /* Resources */,
				37263165B9535645FC807C02 /* [CP] Embed Pods Frameworks */,
			);
			buildRules = (
			);
			dependencies = (
				A5FA67AE263735AE004D5C79 /* PBXTargetDependency */,
			);
			name = DesafioSafraTests;
			productName = DesafioSafraTests;
			productReference = A5FA67AC263735AE004D5C79 /* DesafioSafraTests.xctest */;
			productType = "com.apple.product-type.bundle.unit-test";
		};
		A5FA67B6263735AE004D5C79 /* DesafioSafraUITests */ = {
			isa = PBXNativeTarget;
			buildConfigurationList = A5FA67C6263735AE004D5C79 /* Build configuration list for PBXNativeTarget "DesafioSafraUITests" */;
			buildPhases = (
				429763AF7DA81A52CEA566D2 /* [CP] Check Pods Manifest.lock */,
				A5FA67B3263735AE004D5C79 /* Sources */,
				A5FA67B4263735AE004D5C79 /* Frameworks */,
				A5FA67B5263735AE004D5C79 /* Resources */,
				138C0AB5DB50ED7B6FBBCFEE /* [CP] Embed Pods Frameworks */,
			);
			buildRules = (
			);
			dependencies = (
				A5FA67B9263735AE004D5C79 /* PBXTargetDependency */,
			);
			name = DesafioSafraUITests;
			productName = DesafioSafraUITests;
			productReference = A5FA67B7263735AE004D5C79 /* DesafioSafraUITests.xctest */;
			productType = "com.apple.product-type.bundle.ui-testing";
		};
/* End PBXNativeTarget section */

/* Begin PBXProject section */
		A5FA678B263735AD004D5C79 /* Project object */ = {
			isa = PBXProject;
			attributes = {
				LastSwiftUpdateCheck = 1240;
				LastUpgradeCheck = 1240;
				TargetAttributes = {
					A5FA6792263735AD004D5C79 = {
						CreatedOnToolsVersion = 12.4;
					};
					A5FA67AB263735AE004D5C79 = {
						CreatedOnToolsVersion = 12.4;
						TestTargetID = A5FA6792263735AD004D5C79;
					};
					A5FA67B6263735AE004D5C79 = {
						CreatedOnToolsVersion = 12.4;
						TestTargetID = A5FA6792263735AD004D5C79;
					};
				};
			};
			buildConfigurationList = A5FA678E263735AD004D5C79 /* Build configuration list for PBXProject "DesafioSafra" */;
			compatibilityVersion = "Xcode 9.3";
			developmentRegion = en;
			hasScannedForEncodings = 0;
			knownRegions = (
				en,
				Base,
			);
			mainGroup = A5FA678A263735AD004D5C79;
			productRefGroup = A5FA6794263735AD004D5C79 /* Products */;
			projectDirPath = "";
			projectRoot = "";
			targets = (
				A5FA6792263735AD004D5C79 /* DesafioSafra */,
				A5FA67AB263735AE004D5C79 /* DesafioSafraTests */,
				A5FA67B6263735AE004D5C79 /* DesafioSafraUITests */,
			);
		};
/* End PBXProject section */

/* Begin PBXResourcesBuildPhase section */
		A5FA6791263735AD004D5C79 /* Resources */ = {
			isa = PBXResourcesBuildPhase;
			buildActionMask = 2147483647;
			files = (
				A5FA67A6263735AE004D5C79 /* LaunchScreen.storyboard in Resources */,
				A5FA67A3263735AE004D5C79 /* Assets.xcassets in Resources */,
				A5FA679E263735AD004D5C79 /* Main.storyboard in Resources */,
			);
			runOnlyForDeploymentPostprocessing = 0;
		};
		A5FA67AA263735AE004D5C79 /* Resources */ = {
			isa = PBXResourcesBuildPhase;
			buildActionMask = 2147483647;
			files = (
			);
			runOnlyForDeploymentPostprocessing = 0;
		};
		A5FA67B5263735AE004D5C79 /* Resources */ = {
			isa = PBXResourcesBuildPhase;
			buildActionMask = 2147483647;
			files = (
			);
			runOnlyForDeploymentPostprocessing = 0;
		};
/* End PBXResourcesBuildPhase section */

/* Begin PBXShellScriptBuildPhase section */
		138C0AB5DB50ED7B6FBBCFEE /* [CP] Embed Pods Frameworks */ = {
			isa = PBXShellScriptBuildPhase;
			buildActionMask = 2147483647;
			files = (
			);
			inputFileListPaths = (
				"${PODS_ROOT}/Target Support Files/Pods-DesafioSafra-DesafioSafraUITests/Pods-DesafioSafra-DesafioSafraUITests-frameworks-${CONFIGURATION}-input-files.xcfilelist",
			);
			name = "[CP] Embed Pods Frameworks";
			outputFileListPaths = (
				"${PODS_ROOT}/Target Support Files/Pods-DesafioSafra-DesafioSafraUITests/Pods-DesafioSafra-DesafioSafraUITests-frameworks-${CONFIGURATION}-output-files.xcfilelist",
			);
			runOnlyForDeploymentPostprocessing = 0;
			shellPath = /bin/sh;
			shellScript = "\"${PODS_ROOT}/Target Support Files/Pods-DesafioSafra-DesafioSafraUITests/Pods-DesafioSafra-DesafioSafraUITests-frameworks.sh\"\n";
			showEnvVarsInLog = 0;
		};
		1CC66C45379C79DEF3112BD6 /* [CP] Check Pods Manifest.lock */ = {
			isa = PBXShellScriptBuildPhase;
			buildActionMask = 2147483647;
			files = (
			);
			inputFileListPaths = (
			);
			inputPaths = (
				"${PODS_PODFILE_DIR_PATH}/Podfile.lock",
				"${PODS_ROOT}/Manifest.lock",
			);
			name = "[CP] Check Pods Manifest.lock";
			outputFileListPaths = (
			);
			outputPaths = (
				"$(DERIVED_FILE_DIR)/Pods-DesafioSafraTests-checkManifestLockResult.txt",
			);
			runOnlyForDeploymentPostprocessing = 0;
			shellPath = /bin/sh;
			shellScript = "diff \"${PODS_PODFILE_DIR_PATH}/Podfile.lock\" \"${PODS_ROOT}/Manifest.lock\" > /dev/null\nif [ $? != 0 ] ; then\n    # print error to STDERR\n    echo \"error: The sandbox is not in sync with the Podfile.lock. Run 'pod install' or update your CocoaPods installation.\" >&2\n    exit 1\nfi\n# This output is used by Xcode 'outputs' to avoid re-running this script phase.\necho \"SUCCESS\" > \"${SCRIPT_OUTPUT_FILE_0}\"\n";
			showEnvVarsInLog = 0;
		};
		37263165B9535645FC807C02 /* [CP] Embed Pods Frameworks */ = {
			isa = PBXShellScriptBuildPhase;
			buildActionMask = 2147483647;
			files = (
			);
			inputFileListPaths = (
				"${PODS_ROOT}/Target Support Files/Pods-DesafioSafraTests/Pods-DesafioSafraTests-frameworks-${CONFIGURATION}-input-files.xcfilelist",
			);
			name = "[CP] Embed Pods Frameworks";
			outputFileListPaths = (
				"${PODS_ROOT}/Target Support Files/Pods-DesafioSafraTests/Pods-DesafioSafraTests-frameworks-${CONFIGURATION}-output-files.xcfilelist",
			);
			runOnlyForDeploymentPostprocessing = 0;
			shellPath = /bin/sh;
			shellScript = "\"${PODS_ROOT}/Target Support Files/Pods-DesafioSafraTests/Pods-DesafioSafraTests-frameworks.sh\"\n";
			showEnvVarsInLog = 0;
		};
		429763AF7DA81A52CEA566D2 /* [CP] Check Pods Manifest.lock */ = {
			isa = PBXShellScriptBuildPhase;
			buildActionMask = 2147483647;
			files = (
			);
			inputFileListPaths = (
			);
			inputPaths = (
				"${PODS_PODFILE_DIR_PATH}/Podfile.lock",
				"${PODS_ROOT}/Manifest.lock",
			);
			name = "[CP] Check Pods Manifest.lock";
			outputFileListPaths = (
			);
			outputPaths = (
				"$(DERIVED_FILE_DIR)/Pods-DesafioSafra-DesafioSafraUITests-checkManifestLockResult.txt",
			);
			runOnlyForDeploymentPostprocessing = 0;
			shellPath = /bin/sh;
			shellScript = "diff \"${PODS_PODFILE_DIR_PATH}/Podfile.lock\" \"${PODS_ROOT}/Manifest.lock\" > /dev/null\nif [ $? != 0 ] ; then\n    # print error to STDERR\n    echo \"error: The sandbox is not in sync with the Podfile.lock. Run 'pod install' or update your CocoaPods installation.\" >&2\n    exit 1\nfi\n# This output is used by Xcode 'outputs' to avoid re-running this script phase.\necho \"SUCCESS\" > \"${SCRIPT_OUTPUT_FILE_0}\"\n";
			showEnvVarsInLog = 0;
		};
		94CF92796B3B029390137C9F /* [CP] Embed Pods Frameworks */ = {
			isa = PBXShellScriptBuildPhase;
			buildActionMask = 2147483647;
			files = (
			);
			inputFileListPaths = (
				"${PODS_ROOT}/Target Support Files/Pods-DesafioSafra/Pods-DesafioSafra-frameworks-${CONFIGURATION}-input-files.xcfilelist",
			);
			name = "[CP] Embed Pods Frameworks";
			outputFileListPaths = (
				"${PODS_ROOT}/Target Support Files/Pods-DesafioSafra/Pods-DesafioSafra-frameworks-${CONFIGURATION}-output-files.xcfilelist",
			);
			runOnlyForDeploymentPostprocessing = 0;
			shellPath = /bin/sh;
			shellScript = "\"${PODS_ROOT}/Target Support Files/Pods-DesafioSafra/Pods-DesafioSafra-frameworks.sh\"\n";
			showEnvVarsInLog = 0;
		};
		CF6674D4E54E85CAA6D27D33 /* [CP] Check Pods Manifest.lock */ = {
			isa = PBXShellScriptBuildPhase;
			buildActionMask = 2147483647;
			files = (
			);
			inputFileListPaths = (
			);
			inputPaths = (
				"${PODS_PODFILE_DIR_PATH}/Podfile.lock",
				"${PODS_ROOT}/Manifest.lock",
			);
			name = "[CP] Check Pods Manifest.lock";
			outputFileListPaths = (
			);
			outputPaths = (
				"$(DERIVED_FILE_DIR)/Pods-DesafioSafra-checkManifestLockResult.txt",
			);
			runOnlyForDeploymentPostprocessing = 0;
			shellPath = /bin/sh;
			shellScript = "diff \"${PODS_PODFILE_DIR_PATH}/Podfile.lock\" \"${PODS_ROOT}/Manifest.lock\" > /dev/null\nif [ $? != 0 ] ; then\n    # print error to STDERR\n    echo \"error: The sandbox is not in sync with the Podfile.lock. Run 'pod install' or update your CocoaPods installation.\" >&2\n    exit 1\nfi\n# This output is used by Xcode 'outputs' to avoid re-running this script phase.\necho \"SUCCESS\" > \"${SCRIPT_OUTPUT_FILE_0}\"\n";
			showEnvVarsInLog = 0;
		};
/* End PBXShellScriptBuildPhase section */

/* Begin PBXSourcesBuildPhase section */
		A5FA678F263735AD004D5C79 /* Sources */ = {
			isa = PBXSourcesBuildPhase;
			buildActionMask = 2147483647;
			files = (
				9E91AA5D263C2EAD0055DA80 /* StarsRepositoriesAPI.swift in Sources */,
				9E91AA62263C785E0055DA80 /* PullsApi.swift in Sources */,
				88DE5A7F263B1A890023D037 /* PullRequestViewController.swift in Sources */,
				88DE5A622638B3FD0023D037 /* JavaPopViewModel.swift in Sources */,
				88DE5A742639D9080023D037 /* UIViewController+Extras.swift in Sources */,
				A5FA679B263735AD004D5C79 /* JavaPopController.swift in Sources */,
				A5FA67A1263735AD004D5C79 /* DesafioSafra.xcdatamodeld in Sources */,
				88DE5A6B2638B9390023D037 /* JavaPopTableViewCell.swift in Sources */,
				88DE5A5C2638AAE40023D037 /* Items.swift in Sources */,
				88DE5A762639D93A0023D037 /* UITableViewController+Extras.swift in Sources */,
				88DE5A642638B4750023D037 /* User.swift in Sources */,
				9E91AA56263C2E220055DA80 /* AlamofireRequest.swift in Sources */,
				88DE5A6D2639C1C70023D037 /* PullRequest.swift in Sources */,
				88DE5A6F2639C2C20023D037 /* PullRequestViewModel.swift in Sources */,
				88DE5A5E2638AB030023D037 /* Owner.swift in Sources */,
				88DAA669263B3C230092D514 /* WebViewController.swift in Sources */,
				A5FA6797263735AD004D5C79 /* AppDelegate.swift in Sources */,
				9E91AA64263CA1BB0055DA80 /* Utils.swift in Sources */,
				9E91AA5F263C2EDC0055DA80 /* GithubAPISources.swift in Sources */,
				88DE5A7D2639E59A0023D037 /* PullRequestTableViewCell.swift in Sources */,
				9E91AA54263C2E140055DA80 /* RequestManager.swift in Sources */,
				9E91AA5B263C2E880055DA80 /* UsersAPI.swift in Sources */,
				88DE5A5A2638AAAD0023D037 /* JavaPop.swift in Sources */,
				88DE5A662638B52F0023D037 /* Mock.swift in Sources */,
			);
			runOnlyForDeploymentPostprocessing = 0;
		};
		A5FA67A8263735AE004D5C79 /* Sources */ = {
			isa = PBXSourcesBuildPhase;
			buildActionMask = 2147483647;
			files = (
				A5FA67B1263735AE004D5C79 /* DesafioSafraTests.swift in Sources */,
			);
			runOnlyForDeploymentPostprocessing = 0;
		};
		A5FA67B3263735AE004D5C79 /* Sources */ = {
			isa = PBXSourcesBuildPhase;
			buildActionMask = 2147483647;
			files = (
				A5FA67BC263735AE004D5C79 /* DesafioSafraUITests.swift in Sources */,
			);
			runOnlyForDeploymentPostprocessing = 0;
		};
/* End PBXSourcesBuildPhase section */

/* Begin PBXTargetDependency section */
		A5FA67AE263735AE004D5C79 /* PBXTargetDependency */ = {
			isa = PBXTargetDependency;
			target = A5FA6792263735AD004D5C79 /* DesafioSafra */;
			targetProxy = A5FA67AD263735AE004D5C79 /* PBXContainerItemProxy */;
		};
		A5FA67B9263735AE004D5C79 /* PBXTargetDependency */ = {
			isa = PBXTargetDependency;
			target = A5FA6792263735AD004D5C79 /* DesafioSafra */;
			targetProxy = A5FA67B8263735AE004D5C79 /* PBXContainerItemProxy */;
		};
/* End PBXTargetDependency section */

/* Begin PBXVariantGroup section */
		A5FA679C263735AD004D5C79 /* Main.storyboard */ = {
			isa = PBXVariantGroup;
			children = (
				A5FA679D263735AD004D5C79 /* Base */,
			);
			name = Main.storyboard;
			sourceTree = "<group>";
		};
		A5FA67A4263735AE004D5C79 /* LaunchScreen.storyboard */ = {
			isa = PBXVariantGroup;
			children = (
				A5FA67A5263735AE004D5C79 /* Base */,
			);
			name = LaunchScreen.storyboard;
			sourceTree = "<group>";
		};
/* End PBXVariantGroup section */

/* Begin XCBuildConfiguration section */
		A5FA67BE263735AE004D5C79 /* Debug */ = {
			isa = XCBuildConfiguration;
			buildSettings = {
				ALWAYS_SEARCH_USER_PATHS = NO;
				CLANG_ANALYZER_NONNULL = YES;
				CLANG_ANALYZER_NUMBER_OBJECT_CONVERSION = YES_AGGRESSIVE;
				CLANG_CXX_LANGUAGE_STANDARD = "gnu++14";
				CLANG_CXX_LIBRARY = "libc++";
				CLANG_ENABLE_MODULES = YES;
				CLANG_ENABLE_OBJC_ARC = YES;
				CLANG_ENABLE_OBJC_WEAK = YES;
				CLANG_WARN_BLOCK_CAPTURE_AUTORELEASING = YES;
				CLANG_WARN_BOOL_CONVERSION = YES;
				CLANG_WARN_COMMA = YES;
				CLANG_WARN_CONSTANT_CONVERSION = YES;
				CLANG_WARN_DEPRECATED_OBJC_IMPLEMENTATIONS = YES;
				CLANG_WARN_DIRECT_OBJC_ISA_USAGE = YES_ERROR;
				CLANG_WARN_DOCUMENTATION_COMMENTS = YES;
				CLANG_WARN_EMPTY_BODY = YES;
				CLANG_WARN_ENUM_CONVERSION = YES;
				CLANG_WARN_INFINITE_RECURSION = YES;
				CLANG_WARN_INT_CONVERSION = YES;
				CLANG_WARN_NON_LITERAL_NULL_CONVERSION = YES;
				CLANG_WARN_OBJC_IMPLICIT_RETAIN_SELF = YES;
				CLANG_WARN_OBJC_LITERAL_CONVERSION = YES;
				CLANG_WARN_OBJC_ROOT_CLASS = YES_ERROR;
				CLANG_WARN_QUOTED_INCLUDE_IN_FRAMEWORK_HEADER = YES;
				CLANG_WARN_RANGE_LOOP_ANALYSIS = YES;
				CLANG_WARN_STRICT_PROTOTYPES = YES;
				CLANG_WARN_SUSPICIOUS_MOVE = YES;
				CLANG_WARN_UNGUARDED_AVAILABILITY = YES_AGGRESSIVE;
				CLANG_WARN_UNREACHABLE_CODE = YES;
				CLANG_WARN__DUPLICATE_METHOD_MATCH = YES;
				COPY_PHASE_STRIP = NO;
				DEBUG_INFORMATION_FORMAT = dwarf;
				ENABLE_STRICT_OBJC_MSGSEND = YES;
				ENABLE_TESTABILITY = YES;
				GCC_C_LANGUAGE_STANDARD = gnu11;
				GCC_DYNAMIC_NO_PIC = NO;
				GCC_NO_COMMON_BLOCKS = YES;
				GCC_OPTIMIZATION_LEVEL = 0;
				GCC_PREPROCESSOR_DEFINITIONS = (
					"DEBUG=1",
					"$(inherited)",
				);
				GCC_WARN_64_TO_32_BIT_CONVERSION = YES;
				GCC_WARN_ABOUT_RETURN_TYPE = YES_ERROR;
				GCC_WARN_UNDECLARED_SELECTOR = YES;
				GCC_WARN_UNINITIALIZED_AUTOS = YES_AGGRESSIVE;
				GCC_WARN_UNUSED_FUNCTION = YES;
				GCC_WARN_UNUSED_VARIABLE = YES;
				IPHONEOS_DEPLOYMENT_TARGET = 12.1;
				MTL_ENABLE_DEBUG_INFO = INCLUDE_SOURCE;
				MTL_FAST_MATH = YES;
				ONLY_ACTIVE_ARCH = YES;
				SDKROOT = iphoneos;
				SWIFT_ACTIVE_COMPILATION_CONDITIONS = DEBUG;
				SWIFT_OPTIMIZATION_LEVEL = "-Onone";
			};
			name = Debug;
		};
		A5FA67BF263735AE004D5C79 /* Release */ = {
			isa = XCBuildConfiguration;
			buildSettings = {
				ALWAYS_SEARCH_USER_PATHS = NO;
				CLANG_ANALYZER_NONNULL = YES;
				CLANG_ANALYZER_NUMBER_OBJECT_CONVERSION = YES_AGGRESSIVE;
				CLANG_CXX_LANGUAGE_STANDARD = "gnu++14";
				CLANG_CXX_LIBRARY = "libc++";
				CLANG_ENABLE_MODULES = YES;
				CLANG_ENABLE_OBJC_ARC = YES;
				CLANG_ENABLE_OBJC_WEAK = YES;
				CLANG_WARN_BLOCK_CAPTURE_AUTORELEASING = YES;
				CLANG_WARN_BOOL_CONVERSION = YES;
				CLANG_WARN_COMMA = YES;
				CLANG_WARN_CONSTANT_CONVERSION = YES;
				CLANG_WARN_DEPRECATED_OBJC_IMPLEMENTATIONS = YES;
				CLANG_WARN_DIRECT_OBJC_ISA_USAGE = YES_ERROR;
				CLANG_WARN_DOCUMENTATION_COMMENTS = YES;
				CLANG_WARN_EMPTY_BODY = YES;
				CLANG_WARN_ENUM_CONVERSION = YES;
				CLANG_WARN_INFINITE_RECURSION = YES;
				CLANG_WARN_INT_CONVERSION = YES;
				CLANG_WARN_NON_LITERAL_NULL_CONVERSION = YES;
				CLANG_WARN_OBJC_IMPLICIT_RETAIN_SELF = YES;
				CLANG_WARN_OBJC_LITERAL_CONVERSION = YES;
				CLANG_WARN_OBJC_ROOT_CLASS = YES_ERROR;
				CLANG_WARN_QUOTED_INCLUDE_IN_FRAMEWORK_HEADER = YES;
				CLANG_WARN_RANGE_LOOP_ANALYSIS = YES;
				CLANG_WARN_STRICT_PROTOTYPES = YES;
				CLANG_WARN_SUSPICIOUS_MOVE = YES;
				CLANG_WARN_UNGUARDED_AVAILABILITY = YES_AGGRESSIVE;
				CLANG_WARN_UNREACHABLE_CODE = YES;
				CLANG_WARN__DUPLICATE_METHOD_MATCH = YES;
				COPY_PHASE_STRIP = NO;
				DEBUG_INFORMATION_FORMAT = "dwarf-with-dsym";
				ENABLE_NS_ASSERTIONS = NO;
				ENABLE_STRICT_OBJC_MSGSEND = YES;
				GCC_C_LANGUAGE_STANDARD = gnu11;
				GCC_NO_COMMON_BLOCKS = YES;
				GCC_WARN_64_TO_32_BIT_CONVERSION = YES;
				GCC_WARN_ABOUT_RETURN_TYPE = YES_ERROR;
				GCC_WARN_UNDECLARED_SELECTOR = YES;
				GCC_WARN_UNINITIALIZED_AUTOS = YES_AGGRESSIVE;
				GCC_WARN_UNUSED_FUNCTION = YES;
				GCC_WARN_UNUSED_VARIABLE = YES;
				IPHONEOS_DEPLOYMENT_TARGET = 12.1;
				MTL_ENABLE_DEBUG_INFO = NO;
				MTL_FAST_MATH = YES;
				SDKROOT = iphoneos;
				SWIFT_COMPILATION_MODE = wholemodule;
				SWIFT_OPTIMIZATION_LEVEL = "-O";
				VALIDATE_PRODUCT = YES;
			};
			name = Release;
		};
		A5FA67C1263735AE004D5C79 /* Debug */ = {
			isa = XCBuildConfiguration;
			baseConfigurationReference = 6364849FEC7B1A9340750E3D /* Pods-DesafioSafra.debug.xcconfig */;
			buildSettings = {
				ASSETCATALOG_COMPILER_APPICON_NAME = AppIcon;
				ASSETCATALOG_COMPILER_GLOBAL_ACCENT_COLOR_NAME = AccentColor;
				CODE_SIGN_STYLE = Automatic;
				DEVELOPMENT_TEAM = 5TQQ84X3M3;
				INFOPLIST_FILE = DesafioSafra/Info.plist;
				IPHONEOS_DEPLOYMENT_TARGET = 12.1;
				LD_RUNPATH_SEARCH_PATHS = (
					"$(inherited)",
					"@executable_path/Frameworks",
				);
				PRODUCT_BUNDLE_IDENTIFIER = br.renatoferrazdf.DesafioSafra;
				PRODUCT_NAME = "$(TARGET_NAME)";
				SWIFT_VERSION = 5.0;
				TARGETED_DEVICE_FAMILY = "1,2";
			};
			name = Debug;
		};
		A5FA67C2263735AE004D5C79 /* Release */ = {
			isa = XCBuildConfiguration;
			baseConfigurationReference = 898AD435214DAB70CC39FA24 /* Pods-DesafioSafra.release.xcconfig */;
			buildSettings = {
				ASSETCATALOG_COMPILER_APPICON_NAME = AppIcon;
				ASSETCATALOG_COMPILER_GLOBAL_ACCENT_COLOR_NAME = AccentColor;
				CODE_SIGN_STYLE = Automatic;
				DEVELOPMENT_TEAM = 5TQQ84X3M3;
				INFOPLIST_FILE = DesafioSafra/Info.plist;
				IPHONEOS_DEPLOYMENT_TARGET = 12.1;
				LD_RUNPATH_SEARCH_PATHS = (
					"$(inherited)",
					"@executable_path/Frameworks",
				);
				PRODUCT_BUNDLE_IDENTIFIER = br.renatoferrazdf.DesafioSafra;
				PRODUCT_NAME = "$(TARGET_NAME)";
				SWIFT_VERSION = 5.0;
				TARGETED_DEVICE_FAMILY = "1,2";
			};
			name = Release;
		};
		A5FA67C4263735AE004D5C79 /* Debug */ = {
			isa = XCBuildConfiguration;
			baseConfigurationReference = 1DCD2CBA65F15B224929731F /* Pods-DesafioSafraTests.debug.xcconfig */;
			buildSettings = {
				ALWAYS_EMBED_SWIFT_STANDARD_LIBRARIES = "$(inherited)";
				BUNDLE_LOADER = "$(TEST_HOST)";
				CODE_SIGN_STYLE = Automatic;
				DEVELOPMENT_TEAM = 5TQQ84X3M3;
				INFOPLIST_FILE = DesafioSafraTests/Info.plist;
				IPHONEOS_DEPLOYMENT_TARGET = 14.4;
				LD_RUNPATH_SEARCH_PATHS = (
					"$(inherited)",
					"@executable_path/Frameworks",
					"@loader_path/Frameworks",
				);
				PRODUCT_BUNDLE_IDENTIFIER = br.renatoferrazdf.DesafioSafraTests;
				PRODUCT_NAME = "$(TARGET_NAME)";
				SWIFT_VERSION = 5.0;
				TARGETED_DEVICE_FAMILY = "1,2";
				TEST_HOST = "$(BUILT_PRODUCTS_DIR)/DesafioSafra.app/DesafioSafra";
			};
			name = Debug;
		};
		A5FA67C5263735AE004D5C79 /* Release */ = {
			isa = XCBuildConfiguration;
			baseConfigurationReference = 69B030B26DE70723EBB79466 /* Pods-DesafioSafraTests.release.xcconfig */;
			buildSettings = {
				ALWAYS_EMBED_SWIFT_STANDARD_LIBRARIES = "$(inherited)";
				BUNDLE_LOADER = "$(TEST_HOST)";
				CODE_SIGN_STYLE = Automatic;
				DEVELOPMENT_TEAM = 5TQQ84X3M3;
				INFOPLIST_FILE = DesafioSafraTests/Info.plist;
				IPHONEOS_DEPLOYMENT_TARGET = 14.4;
				LD_RUNPATH_SEARCH_PATHS = (
					"$(inherited)",
					"@executable_path/Frameworks",
					"@loader_path/Frameworks",
				);
				PRODUCT_BUNDLE_IDENTIFIER = br.renatoferrazdf.DesafioSafraTests;
				PRODUCT_NAME = "$(TARGET_NAME)";
				SWIFT_VERSION = 5.0;
				TARGETED_DEVICE_FAMILY = "1,2";
				TEST_HOST = "$(BUILT_PRODUCTS_DIR)/DesafioSafra.app/DesafioSafra";
			};
			name = Release;
		};
		A5FA67C7263735AE004D5C79 /* Debug */ = {
			isa = XCBuildConfiguration;
			baseConfigurationReference = 93D32BC1EFF74609472CE946 /* Pods-DesafioSafra-DesafioSafraUITests.debug.xcconfig */;
			buildSettings = {
				ALWAYS_EMBED_SWIFT_STANDARD_LIBRARIES = "$(inherited)";
				CODE_SIGN_STYLE = Automatic;
				DEVELOPMENT_TEAM = 5TQQ84X3M3;
				INFOPLIST_FILE = DesafioSafraUITests/Info.plist;
				LD_RUNPATH_SEARCH_PATHS = (
					"$(inherited)",
					"@executable_path/Frameworks",
					"@loader_path/Frameworks",
				);
				PRODUCT_BUNDLE_IDENTIFIER = br.renatoferrazdf.DesafioSafraUITests;
				PRODUCT_NAME = "$(TARGET_NAME)";
				SWIFT_VERSION = 5.0;
				TARGETED_DEVICE_FAMILY = "1,2";
				TEST_TARGET_NAME = DesafioSafra;
			};
			name = Debug;
		};
		A5FA67C8263735AE004D5C79 /* Release */ = {
			isa = XCBuildConfiguration;
			baseConfigurationReference = C84AF724220EF497290779F6 /* Pods-DesafioSafra-DesafioSafraUITests.release.xcconfig */;
			buildSettings = {
				ALWAYS_EMBED_SWIFT_STANDARD_LIBRARIES = "$(inherited)";
				CODE_SIGN_STYLE = Automatic;
				DEVELOPMENT_TEAM = 5TQQ84X3M3;
				INFOPLIST_FILE = DesafioSafraUITests/Info.plist;
				LD_RUNPATH_SEARCH_PATHS = (
					"$(inherited)",
					"@executable_path/Frameworks",
					"@loader_path/Frameworks",
				);
				PRODUCT_BUNDLE_IDENTIFIER = br.renatoferrazdf.DesafioSafraUITests;
				PRODUCT_NAME = "$(TARGET_NAME)";
				SWIFT_VERSION = 5.0;
				TARGETED_DEVICE_FAMILY = "1,2";
				TEST_TARGET_NAME = DesafioSafra;
			};
			name = Release;
		};
/* End XCBuildConfiguration section */

/* Begin XCConfigurationList section */
		A5FA678E263735AD004D5C79 /* Build configuration list for PBXProject "DesafioSafra" */ = {
			isa = XCConfigurationList;
			buildConfigurations = (
				A5FA67BE263735AE004D5C79 /* Debug */,
				A5FA67BF263735AE004D5C79 /* Release */,
			);
			defaultConfigurationIsVisible = 0;
			defaultConfigurationName = Release;
		};
		A5FA67C0263735AE004D5C79 /* Build configuration list for PBXNativeTarget "DesafioSafra" */ = {
			isa = XCConfigurationList;
			buildConfigurations = (
				A5FA67C1263735AE004D5C79 /* Debug */,
				A5FA67C2263735AE004D5C79 /* Release */,
			);
			defaultConfigurationIsVisible = 0;
			defaultConfigurationName = Release;
		};
		A5FA67C3263735AE004D5C79 /* Build configuration list for PBXNativeTarget "DesafioSafraTests" */ = {
			isa = XCConfigurationList;
			buildConfigurations = (
				A5FA67C4263735AE004D5C79 /* Debug */,
				A5FA67C5263735AE004D5C79 /* Release */,
			);
			defaultConfigurationIsVisible = 0;
			defaultConfigurationName = Release;
		};
		A5FA67C6263735AE004D5C79 /* Build configuration list for PBXNativeTarget "DesafioSafraUITests" */ = {
			isa = XCConfigurationList;
			buildConfigurations = (
				A5FA67C7263735AE004D5C79 /* Debug */,
				A5FA67C8263735AE004D5C79 /* Release */,
			);
			defaultConfigurationIsVisible = 0;
			defaultConfigurationName = Release;
		};
/* End XCConfigurationList section */

/* Begin XCVersionGroup section */
		A5FA679F263735AD004D5C79 /* DesafioSafra.xcdatamodeld */ = {
			isa = XCVersionGroup;
			children = (
				A5FA67A0263735AD004D5C79 /* DesafioSafra.xcdatamodel */,
			);
			currentVersion = A5FA67A0263735AD004D5C79 /* DesafioSafra.xcdatamodel */;
			path = DesafioSafra.xcdatamodeld;
			sourceTree = "<group>";
			versionGroupType = wrapper.xcdatamodel;
		};
/* End XCVersionGroup section */
	};
	rootObject = A5FA678B263735AD004D5C79 /* Project object */;
}
